// !$*UTF8*$!
{
	archiveVersion = 1;
	classes = {
	};
	objectVersion = 46;
	objects = {

/* Begin PBXBuildFile section */
		00AB168250A9B0B9938064449A1C8268 /* CrabViewController.swift in Sources */ = {isa = PBXBuildFile; fileRef = FFB2C13E0318B0488EF9AF5E6C075EF6 /* CrabViewController.swift */; };
		02F8CEE5D87BF6E2E712AC8ABD3716CA /* UIButton+Fleet.swift in Sources */ = {isa = PBXBuildFile; fileRef = EECEF1DE5259FFE27BACB4E4CEF86A5E /* UIButton+Fleet.swift */; };
		032643E7DEAE671DD533E5691F5192B7 /* CatchErrorSpec.swift in Sources */ = {isa = PBXBuildFile; fileRef = 1263581B3A4B96C878F2121C13F714B8 /* CatchErrorSpec.swift */; };
		047A196C47C9C2783DEC77282B1D4F00 /* CrabStoryboard.storyboard in Resources */ = {isa = PBXBuildFile; fileRef = 4852491031D69EDAD3310ADD8F74AC08 /* CrabStoryboard.storyboard */; };
		05C4FBF19BFBE84FDD6700F15801A00A /* IsClassKindOfSpec.swift in Sources */ = {isa = PBXBuildFile; fileRef = 4E26757064F4E4A4C4E8487AC5F14AC7 /* IsClassKindOfSpec.swift */; };
		09D4CEA9D939A8637751720746A314EA /* UINavigationController+FleetSpec.swift in Sources */ = {isa = PBXBuildFile; fileRef = F3B7D067B89D62FEA47A49F9CD0C1CE6 /* UINavigationController+FleetSpec.swift */; };
		0B87F785955DBCB369DF7ED9CC8B9916 /* UIViewController+FleetSpec.swift in Sources */ = {isa = PBXBuildFile; fileRef = 20CC420E38F21AEFF595D2A4BFA8B3CB /* UIViewController+FleetSpec.swift */; };
		0E578D0EFC280DEF321161914A33FAE2 /* UITextView+FleetSpec.swift in Sources */ = {isa = PBXBuildFile; fileRef = 7E3C9AE33E0FA2A89AE5DF0AD6274484 /* UITextView+FleetSpec.swift */; };
		115A639D059D716B588D2DF4D40BB326 /* UIAlertAction+FleetSpec.swift in Sources */ = {isa = PBXBuildFile; fileRef = AF29DAA4C1DB06E828851BD27F1CFE7E /* UIAlertAction+FleetSpec.swift */; };
		149F6C4720E470AA55A5AF4248FA0F3B /* UIBarButtonItem+Fleet.swift in Sources */ = {isa = PBXBuildFile; fileRef = 8C7EDD8311327ABBF2634F3067FB9851 /* UIBarButtonItem+Fleet.swift */; };
		1B4E0ACC2A3952AE204D0C6AD20752FE /* TableViewError.swift in Sources */ = {isa = PBXBuildFile; fileRef = 5270C34EE9485AACA73ADEFB7B112603 /* TableViewError.swift */; };
		1BC38AC45544A69451AEA62A6F324DFC /* MockFor.swift in Sources */ = {isa = PBXBuildFile; fileRef = 8F5A29B57CBA59AF29C08080B80512A3 /* MockFor.swift */; };
		1DE622F6B26351722DD1B8A9CFD1470F /* CatchError.swift in Sources */ = {isa = PBXBuildFile; fileRef = B06AF9E0002CE3CED7D44C5402193C57 /* CatchError.swift */; };
		2168CB1954A4FD0ADC1A4B93DC3F8FA6 /* LaunchScreen.storyboard in Resources */ = {isa = PBXBuildFile; fileRef = 3B07D254E0737E385900CA6518C332D2 /* LaunchScreen.storyboard */; };
		26A994D1C5BD143C60C7A88A1CDA4597 /* UISwitch+FleetSpec.swift in Sources */ = {isa = PBXBuildFile; fileRef = 755E44D1ACB0D0202E9E998F1301472E /* UISwitch+FleetSpec.swift */; };
		28D58AC75113169659670DF6EF3936B6 /* PuppyStoryboard.storyboard in Resources */ = {isa = PBXBuildFile; fileRef = F0602920E5A049CB7C18890A3B3F9B5A /* PuppyStoryboard.storyboard */; };
		295AE28C8956331D02FD7DC614AFEB92 /* UIControlEventRecorder.swift in Sources */ = {isa = PBXBuildFile; fileRef = 45BD883E7223C8DD4301E958F590F5B7 /* UIControlEventRecorder.swift */; };
		2B8111449B778CC57F88F76BC76E949F /* AnimalListViewController.swift in Sources */ = {isa = PBXBuildFile; fileRef = 47DB3BE5DA6426EFCC2825BB4F9D14C6 /* AnimalListViewController.swift */; };
		2D7A7D0BEF2D4F8F8708C0F96CCEAC8A /* UIViewController+FleetInternalSpec.swift in Sources */ = {isa = PBXBuildFile; fileRef = DB77230662ABBA382F02A96684B7D0EA /* UIViewController+FleetInternalSpec.swift */; };
		2DF704DF7261FC624B67E99FA6D19401 /* UIAlertController+Fleet.swift in Sources */ = {isa = PBXBuildFile; fileRef = AB393A412ED5DD1AE812A99B8DEF964A /* UIAlertController+Fleet.swift */; };
		2F718AA9439349C15275A5A3CB1C0295 /* UIViewController+Fleet.swift in Sources */ = {isa = PBXBuildFile; fileRef = 4B21C2EE01584142DE1A110F7032C30F /* UIViewController+Fleet.swift */; };
		36E64BA5E61224CB76B349C213F64AA5 /* UITableView+SelectCellActionSpec.swift in Sources */ = {isa = PBXBuildFile; fileRef = 7C5D39B052E4A5CC884817948F531394 /* UITableView+SelectCellActionSpec.swift */; };
		36F9BA0A562FE1052DA8A400EA3A6C0E /* BirdsViewController.swift in Sources */ = {isa = PBXBuildFile; fileRef = 35AFCCB8CD16D7A436E5A5B406868350 /* BirdsViewController.swift */; };
		377FCBBFF8389FB12C500C785487C001 /* StoryboardInstanceBinding.swift in Sources */ = {isa = PBXBuildFile; fileRef = F22579A3E84B95F6C4A9D081A0D5A869 /* StoryboardInstanceBinding.swift */; };
		3AAB789A6BF88F43FEB2979C0D810312 /* Assets.xcassets in Resources */ = {isa = PBXBuildFile; fileRef = 5BBED5CEA7EE34FA27D907B59B53E1F2 /* Assets.xcassets */; };
		3B4829A2C74F44FC0BCF431D71FB4F29 /* UIStoryboard+FleetSpec.swift in Sources */ = {isa = PBXBuildFile; fileRef = 30EE90546904288D19A484233A8AB4F0 /* UIStoryboard+FleetSpec.swift */; };
		3D4E6D00B3A064C437E8EABF3E1209BD /* UITextView+Fleet.swift in Sources */ = {isa = PBXBuildFile; fileRef = 97A9A272F8BA71B8B0763A2FD60E200C /* UITextView+Fleet.swift */; };
		438B0ABEAFCB5003FBAF1575F07441A9 /* Fleet.h in Headers */ = {isa = PBXBuildFile; fileRef = CA5CD678CFD9F8C10D72D3B9244556F4 /* Fleet.h */; settings = {ATTRIBUTES = (Public, ); }; };
		449819D83E6AAC871986BACA519BEEF2 /* UITableViewRowAction+Fleet.swift in Sources */ = {isa = PBXBuildFile; fileRef = E23EC618705FE61E04A980CF5B8BE73B /* UITableViewRowAction+Fleet.swift */; };
		4AC03988B9E9DAAC5F7FAF5409355CFB /* StoryboardDeserializerSpec.swift in Sources */ = {isa = PBXBuildFile; fileRef = 9F26AEE1995785A3D7FFDD58A758EF86 /* StoryboardDeserializerSpec.swift */; };
		4CBB8C3095B69D8D6B822928460EB1F1 /* UITableView+FetchCell.swift in Sources */ = {isa = PBXBuildFile; fileRef = 52587DE0CDC0925F203EBF3F6E7E69AD /* UITableView+FetchCell.swift */; };
		5094C99A696F89038FA3467B35012128 /* SegueDetailSpec.swift in Sources */ = {isa = PBXBuildFile; fileRef = C0E57AF96F666CF9BB5FFD5A9F256183 /* SegueDetailSpec.swift */; };
		587CEB2DB31E5AFF9261B138824FD337 /* Logger.swift in Sources */ = {isa = PBXBuildFile; fileRef = 2DB374E16E0F7AC532444987123E472F /* Logger.swift */; };
		598F89A2F8B1A39275C6D7D0E3394E5F /* Birds.storyboard in Resources */ = {isa = PBXBuildFile; fileRef = 0B0A5FE9E9C6536F560C28CB59E5E04E /* Birds.storyboard */; };
		5A83B5B51F14D507A3A1B10F00C18F03 /* UIButton+FleetSpec.swift in Sources */ = {isa = PBXBuildFile; fileRef = 3DD9494E4088A5F8D37BB52C2F4C2857 /* UIButton+FleetSpec.swift */; };
		60B63E57064C881EDE96BE0A75890C67 /* TestTextFieldDelegate.swift in Sources */ = {isa = PBXBuildFile; fileRef = AC95BD38DD145E2D88997CA193F2085A /* TestTextFieldDelegate.swift */; };
		6213A0B70EC24F7F532BB148D82A2ACD /* UIToolbar+Fleet.swift in Sources */ = {isa = PBXBuildFile; fileRef = FA23F118271DEA8BCEBFE4C44D75B3D5 /* UIToolbar+Fleet.swift */; };
		660A9CCC20CBBFA0A01CB7DFFD3CC033 /* UITableView+SelectRowMinimalDelegateImplSpec.swift in Sources */ = {isa = PBXBuildFile; fileRef = 97FA6B955A03213C455A6C3F79314672 /* UITableView+SelectRowMinimalDelegateImplSpec.swift */; };
		6676ACBB17248CDD138FE56F550A0747 /* UIAlertAction+Fleet.m in Sources */ = {isa = PBXBuildFile; fileRef = 9F1C581735E28DA3A3EF67CD9A35CA72 /* UIAlertAction+Fleet.m */; };
		670C5A67BA814268CB8D4D1507A4F8C0 /* UIControlEventEqualityMatcher.swift in Sources */ = {isa = PBXBuildFile; fileRef = 917CDD11E96C21BFEDF59475A7FB7598 /* UIControlEventEqualityMatcher.swift */; };
		68929636E70E4B683EE2F0B370092678 /* EmbedView.swift in Sources */ = {isa = PBXBuildFile; fileRef = 52DFECD0A33CB93D4FC795C510556B9E /* EmbedView.swift */; };
		69FBDEF2913A077C7680C6792F1ACD1F /* UITableView+SelectRow.swift in Sources */ = {isa = PBXBuildFile; fileRef = C23AABBB2C7F2058CBFC47395A60245D /* UITableView+SelectRow.swift */; };
		6DB3766132F4B47D50B35AA8A9324FDF /* BoxTurtleViewController.swift in Sources */ = {isa = PBXBuildFile; fileRef = 72B2E576B44507A600BCC3F02334EB35 /* BoxTurtleViewController.swift */; };
		701F6CE142A8D0F4FAC9E22933126C1F /* FleetObjC.h in Headers */ = {isa = PBXBuildFile; fileRef = CCC941C78C201DD74976D5C028F2BE5D /* FleetObjC.h */; settings = {ATTRIBUTES = (Public, ); }; };
		740252C2BA5C5BF811C01DF809672916 /* FleetSpec.swift in Sources */ = {isa = PBXBuildFile; fileRef = 30B14DC0E39C6822D6A323127B964938 /* FleetSpec.swift */; };
		7AF9AD72829F30C6F5FB6E3037F9566F /* UINavigationController+Fleet.swift in Sources */ = {isa = PBXBuildFile; fileRef = 1771A15074D134A51D49A1C622A0BDFC /* UINavigationController+Fleet.swift */; };
		7B7D8D4E244AE8520079ECCC /* TestImage.swift in Sources */ = {isa = PBXBuildFile; fileRef = 8809CE78CF33BF6186F19235A00991AE /* TestImage.swift */; };
		7C55BADA88FBACF89D8E1C61AEB8485E /* UITableViewRowAction+Fleet.m in Sources */ = {isa = PBXBuildFile; fileRef = 6707D8B9C65DBE8AEBCA3FC756C95306 /* UITableViewRowAction+Fleet.m */; };
		7E8C5E807B5CFE999766CE55B3BC3B7D /* UISwitch+Fleet.swift in Sources */ = {isa = PBXBuildFile; fileRef = F05ED8DF2BD23195249C216993360D9D /* UISwitch+Fleet.swift */; };
		7F45706275B96635194B154145D405C3 /* UITabBarController+Fleet.swift in Sources */ = {isa = PBXBuildFile; fileRef = 00CB7A331BF294C96B60B5B068A919B9 /* UITabBarController+Fleet.swift */; };
		81A8F5AF6812AB8D0FC36511DD714DC0 /* MockForSpec.swift in Sources */ = {isa = PBXBuildFile; fileRef = 465C6C34E51DB288711F2FB40916E235 /* MockForSpec.swift */; };
		81E4880CD9830B2B6EB776673BD605E0 /* NotificationListener.swift in Sources */ = {isa = PBXBuildFile; fileRef = FC3CCD4E676D7A66425C4312F75047CA /* NotificationListener.swift */; };
		87D2BCA61A4A0C24DCA923D90C34B623 /* UIBarButtonItem+FleetSpec.swift in Sources */ = {isa = PBXBuildFile; fileRef = 3371FB9A355D78961410052549312AC2 /* UIBarButtonItem+FleetSpec.swift */; };
		8950D3511486E0F0745FBB9E949AF0E6 /* UIStoryboard+Fleet.swift in Sources */ = {isa = PBXBuildFile; fileRef = 27C57797EE4618C702660B5C466F2895 /* UIStoryboard+Fleet.swift */; };
		8B555ABAB92FE3AD65900E4BFC2A7C1D /* copy_storyboard_info_files.sh in Resources */ = {isa = PBXBuildFile; fileRef = CD40D2DAA570727AE198937008DE260A /* copy_storyboard_info_files.sh */; };
		8D42297C33068547AA5901C939FD6293 /* StoryboardBindingError.swift in Sources */ = {isa = PBXBuildFile; fileRef = 1CD579F4EE6A350C6EB5D35CB7DC4DCF /* StoryboardBindingError.swift */; };
		900DCAD77EBF8327D6739E24E9C26620 /* UITableView+SelectCellAction.swift in Sources */ = {isa = PBXBuildFile; fileRef = 0EECF6E84630F80AEDA08A869F162FF2 /* UITableView+SelectCellAction.swift */; };
		95FB7BB8B670BEE40704A7D486586D05 /* FruitViewController.swift in Sources */ = {isa = PBXBuildFile; fileRef = C3C6A0F27B1EC657058F0AB28C7DAB2A /* FruitViewController.swift */; };
		96EBE471A77BE73B3273CB51DC369FA5 /* FLTScreen.swift in Sources */ = {isa = PBXBuildFile; fileRef = 62D7051E5FAA336CE7034096B900CA92 /* FLTScreen.swift */; };
		97B3F1DB1F9D9326B7E776527F802C4B /* StoryboardReferenceMap.swift in Sources */ = {isa = PBXBuildFile; fileRef = 60F4EC03725913616CB600085397B523 /* StoryboardReferenceMap.swift */; };
		98A4D6CF63AD520ACA06B7E3459180D2 /* UITableViewRowAction+FleetSpec.swift in Sources */ = {isa = PBXBuildFile; fileRef = D6A41E20265721F988948D5835B2A3A2 /* UITableViewRowAction+FleetSpec.swift */; };
		98E495F457EAC2B9D2D80860BA44FFEA /* UIAlertAction+Fleet.swift in Sources */ = {isa = PBXBuildFile; fileRef = 7F12F897ECD36F3BBD156EF38D93CAED /* UIAlertAction+Fleet.swift */; };
		99406B94D8ED1088E69240F8F1A241B7 /* FleetError.swift in Sources */ = {isa = PBXBuildFile; fileRef = 2CF8D83338014164C317A163CBF646C7 /* FleetError.swift */; };
		9D4C1357A7EA04D9605451DC5EFC95F8 /* ScreenSpec.swift in Sources */ = {isa = PBXBuildFile; fileRef = 78E4FA5BF2A93423972AA544D267F5FE /* ScreenSpec.swift */; };
		A109BBE8CE8A7EA9D42137CBC9A9E212 /* FleetObjC.m in Sources */ = {isa = PBXBuildFile; fileRef = D7E9CF7CFF2ABE4832483B0592764FEF /* FleetObjC.m */; };
		A63F9AB0D25366BF5DB9D4EAF1700D38 /* Swizzle.swift in Sources */ = {isa = PBXBuildFile; fileRef = 98A2F4653800D4CA7A39ED73F8616222 /* Swizzle.swift */; };
		A8217AB49A7F61DDE9E047AADD47E2C2 /* HomeTabBarController.swift in Sources */ = {isa = PBXBuildFile; fileRef = 56E18EF111882E0BFA3EFD9C2BFE9D6A /* HomeTabBarController.swift */; };
		AA9854FE0F64E745990710F3B22B00E0 /* KittensNavigationController.swift in Sources */ = {isa = PBXBuildFile; fileRef = 793F5157FBAEF735B127A01613C67667 /* KittensNavigationController.swift */; };
		AE646E3D65BD1C0032BEB136E030C9D0 /* Nimble.framework in Frameworks */ = {isa = PBXBuildFile; fileRef = CEC57D4ADBDCED4CAB752EE77F924902 /* Nimble.framework */; };
		B73C9015C36989C96377C1AA31BEF8BD /* UINavigationBar+FleetSpec.swift in Sources */ = {isa = PBXBuildFile; fileRef = 58C471377078603EAF1F2DA5BBC34188 /* UINavigationBar+FleetSpec.swift */; };
		B7E4321E4D362E17E468F44C5C52214F /* FleetSwizzle.m in Sources */ = {isa = PBXBuildFile; fileRef = E625FCA893FF67F6961976BBD47C6F69 /* FleetSwizzle.m */; };
		B87563B5EB166B4DE22B90278D11CC3B /* PuppyListViewController.swift in Sources */ = {isa = PBXBuildFile; fileRef = 9DF88149CF8370C85EE137DA80CDC153 /* PuppyListViewController.swift */; };
		BB8B0ADF8341E3AEFB426483479D30CD /* KittensStoryboard.storyboard in Resources */ = {isa = PBXBuildFile; fileRef = 43FEC73C021965C3D77828B9FC0B2C7E /* KittensStoryboard.storyboard */; };
		BD408982654CDB93C34231EACA2ACE9F /* FleetInternalError.swift in Sources */ = {isa = PBXBuildFile; fileRef = 64A8A3698BDB7D9F225937B7785392E9 /* FleetInternalError.swift */; };
		C0EB38332996A1305F81C166A4311E5D /* TurtlesAndFriendsStoryboard.storyboard in Resources */ = {isa = PBXBuildFile; fileRef = D38127D5F0103783BA35453E16775848 /* TurtlesAndFriendsStoryboard.storyboard */; };
		C0FC9848A3708715CCB3282F287192F4 /* File.swift in Sources */ = {isa = PBXBuildFile; fileRef = 99B6FB76D091F4DAB92EE506D8F12625 /* File.swift */; };
		CA28AF8149C99C92B71AAB6958B27EC9 /* UITableView+FetchCellSpec.swift in Sources */ = {isa = PBXBuildFile; fileRef = 47AC288E5A7525669627801119587761 /* UITableView+FetchCellSpec.swift */; };
		CCCC78A8ECDD8E892F8866EA56F69559 /* UITextField+FleetSpec.swift in Sources */ = {isa = PBXBuildFile; fileRef = B828DF6423459F4B5FA2BFB94A3E9DED /* UITextField+FleetSpec.swift */; };
		CDEDC70B4BD6C24988A47196173AFE60 /* StoryboardDeserializer.swift in Sources */ = {isa = PBXBuildFile; fileRef = EF8B7F43E5919A754A8AF2FE64371279 /* StoryboardDeserializer.swift */; };
		D3765F72358E8ADDDD44E92D0426DBFA /* UITableView+SelectRowSpec.swift in Sources */ = {isa = PBXBuildFile; fileRef = 017A7C0CAE797B097E04BF0DCF5FB0F4 /* UITableView+SelectRowSpec.swift */; };
		D43C639C9F96798E538BBA118ED25A6A /* Test.swift in Sources */ = {isa = PBXBuildFile; fileRef = 7EB560700F00A570B30447429B60D06F /* Test.swift */; };
		DB1A3355E7A8233359CC0F020E970F20 /* SpottedTurtleViewController.swift in Sources */ = {isa = PBXBuildFile; fileRef = F1373A32EFE6376408B79542E7A86C5A /* SpottedTurtleViewController.swift */; };
		DB4E9D7CA031C0312DA2A0D9B7DE5C46 /* CorgiViewController.swift in Sources */ = {isa = PBXBuildFile; fileRef = 64E7455E4ACEA1E5756F88CA503D3211 /* CorgiViewController.swift */; };
		DE00766CB0710FDE388CFD14B12C7508 /* Screen.swift in Sources */ = {isa = PBXBuildFile; fileRef = FD17DA707751382BB9D6B27802DDE52C /* Screen.swift */; };
		DEDEF460381664F03D060D197BE3785F /* UINavigationBar+Fleet.swift in Sources */ = {isa = PBXBuildFile; fileRef = F24C463C535354EBBE81A1D3CAB68911 /* UINavigationBar+Fleet.swift */; };
		E0421BC481EB0A0C9D12A2D7BE3C743D /* AppDelegate.swift in Sources */ = {isa = PBXBuildFile; fileRef = 13FBF7F6D4877BE2033F438F1A785330 /* AppDelegate.swift */; };
		E280C42A9E36D82222DCB0DF40D3E493 /* TestTextViewDelegate.swift in Sources */ = {isa = PBXBuildFile; fileRef = FF4C3B1DD1EC40D8806F4F1381FF0388 /* TestTextViewDelegate.swift */; };
		E3529C9989A9121A72EAFE2AAD6B98E3 /* UIToolbar+FleetSpec.swift in Sources */ = {isa = PBXBuildFile; fileRef = BF90CD3F54013B481D0B6A6046EE8169 /* UIToolbar+FleetSpec.swift */; };
		E3B04C5FB5B2CB6B9D723D50B82253E8 /* UIViewController+Fleet.m in Sources */ = {isa = PBXBuildFile; fileRef = C5B36B58F5A1146639FCE1768E32D083 /* UIViewController+Fleet.m */; };
		E7F1B76C4B32F958B5CFA8BC5ABE040E /* UITabBarController+FleetSpec.swift in Sources */ = {isa = PBXBuildFile; fileRef = CA21E1510572499EC103A8B72FD0940E /* UITabBarController+FleetSpec.swift */; };
		E921951ADA5FFF26E478A7FDF729F1BD /* UIStoryboard+Fleet.m in Sources */ = {isa = PBXBuildFile; fileRef = A1E1CFE2217238C6E7294E1192D005BA /* UIStoryboard+Fleet.m */; };
		EB54C617CB4DCDD0648FC4C0A0B70FB3 /* Fleet.swift in Sources */ = {isa = PBXBuildFile; fileRef = 3B83176AB1F656C735FFC27EA9B1A29C /* Fleet.swift */; };
		EBD4056DF0B527D975B760CAA8E9E747 /* UINavigationController+Fleet.m in Sources */ = {isa = PBXBuildFile; fileRef = 4066466E5CAD163146316DB61D37641B /* UINavigationController+Fleet.m */; };
		ECA2D6241902494D1842423A74A7B125 /* UITextField+Fleet.swift in Sources */ = {isa = PBXBuildFile; fileRef = 40B94A0B3B40E372CEFDBB11D9F73081 /* UITextField+Fleet.swift */; };
		F8FFD7B74308010EF1244BCF419556F6 /* UIAlertController+FleetSpec.swift in Sources */ = {isa = PBXBuildFile; fileRef = D034E940CE49DD380BF2AE9A0BC02376 /* UIAlertController+FleetSpec.swift */; };
/* End PBXBuildFile section */

/* Begin PBXContainerItemProxy section */
		3DD432AF19AB3F5E5EB62C994C91AAFE /* PBXContainerItemProxy */ = {
			isa = PBXContainerItemProxy;
			containerPortal = 0F4F9BFF989BCFD5667285B53E89D9DA /* Project object */;
			proxyType = 1;
			remoteGlobalIDString = 0BCE7BFDCBD4189925ECB6214EC7F099;
			remoteInfo = Fleet;
		};
		765C3DE977912728B393FCB6AAE2A24C /* PBXContainerItemProxy */ = {
			isa = PBXContainerItemProxy;
			containerPortal = 0F4F9BFF989BCFD5667285B53E89D9DA /* Project object */;
			proxyType = 1;
			remoteGlobalIDString = 60481A0CD882A795CEEDE5272B42E635;
			remoteInfo = FleetTestApp;
		};
/* End PBXContainerItemProxy section */

/* Begin PBXFileReference section */
		00CB7A331BF294C96B60B5B068A919B9 /* UITabBarController+Fleet.swift */ = {isa = PBXFileReference; fileEncoding = 4; lastKnownFileType = sourcecode.swift; path = "UITabBarController+Fleet.swift"; sourceTree = "<group>"; };
		017A7C0CAE797B097E04BF0DCF5FB0F4 /* UITableView+SelectRowSpec.swift */ = {isa = PBXFileReference; fileEncoding = 4; lastKnownFileType = sourcecode.swift; path = "UITableView+SelectRowSpec.swift"; sourceTree = "<group>"; };
		0A3407380C00736768B9A8BA40AC4BDE /* Info.plist */ = {isa = PBXFileReference; fileEncoding = 4; lastKnownFileType = text.plist.xml; name = Info.plist; path = FleetTestApp/Info.plist; sourceTree = SOURCE_ROOT; };
		0B0A5FE9E9C6536F560C28CB59E5E04E /* Birds.storyboard */ = {isa = PBXFileReference; fileEncoding = 4; lastKnownFileType = file.storyboard; path = Birds.storyboard; sourceTree = "<group>"; };
		0EECF6E84630F80AEDA08A869F162FF2 /* UITableView+SelectCellAction.swift */ = {isa = PBXFileReference; fileEncoding = 4; lastKnownFileType = sourcecode.swift; path = "UITableView+SelectCellAction.swift"; sourceTree = "<group>"; };
		1263581B3A4B96C878F2121C13F714B8 /* CatchErrorSpec.swift */ = {isa = PBXFileReference; lastKnownFileType = sourcecode.swift; path = CatchErrorSpec.swift; sourceTree = "<group>"; };
		13FBF7F6D4877BE2033F438F1A785330 /* AppDelegate.swift */ = {isa = PBXFileReference; lastKnownFileType = sourcecode.swift; path = AppDelegate.swift; sourceTree = "<group>"; };
		1771A15074D134A51D49A1C622A0BDFC /* UINavigationController+Fleet.swift */ = {isa = PBXFileReference; fileEncoding = 4; lastKnownFileType = sourcecode.swift; path = "UINavigationController+Fleet.swift"; sourceTree = "<group>"; };
		1A76BF6C8B67EDC8AC0AA12FCEE3C938 /* Fleet.framework */ = {isa = PBXFileReference; explicitFileType = wrapper.framework; includeInIndex = 0; name = Fleet.framework; path = "/Users/jwfriese/workspace/Fleet/build/Debug-appletvos/Fleet.framework"; sourceTree = "<absolute>"; };
		1CD579F4EE6A350C6EB5D35CB7DC4DCF /* StoryboardBindingError.swift */ = {isa = PBXFileReference; fileEncoding = 4; lastKnownFileType = sourcecode.swift; path = StoryboardBindingError.swift; sourceTree = "<group>"; };
		20CC420E38F21AEFF595D2A4BFA8B3CB /* UIViewController+FleetSpec.swift */ = {isa = PBXFileReference; fileEncoding = 4; lastKnownFileType = sourcecode.swift; path = "UIViewController+FleetSpec.swift"; sourceTree = "<group>"; };
		25AB6BB77CA46BC1F3E98C1A5217B97C /* FleetTests.xctest */ = {isa = PBXFileReference; explicitFileType = wrapper.cfbundle; includeInIndex = 0; name = FleetTests.xctest; path = "/Users/jwfriese/workspace/Fleet/build/Debug-appletvos/FleetTests.xctest"; sourceTree = "<absolute>"; };
		27C57797EE4618C702660B5C466F2895 /* UIStoryboard+Fleet.swift */ = {isa = PBXFileReference; fileEncoding = 4; lastKnownFileType = sourcecode.swift; path = "UIStoryboard+Fleet.swift"; sourceTree = "<group>"; };
		2CF8D83338014164C317A163CBF646C7 /* FleetError.swift */ = {isa = PBXFileReference; fileEncoding = 4; lastKnownFileType = sourcecode.swift; path = FleetError.swift; sourceTree = "<group>"; };
		2DB374E16E0F7AC532444987123E472F /* Logger.swift */ = {isa = PBXFileReference; fileEncoding = 4; lastKnownFileType = sourcecode.swift; path = Logger.swift; sourceTree = "<group>"; };
		30B14DC0E39C6822D6A323127B964938 /* FleetSpec.swift */ = {isa = PBXFileReference; fileEncoding = 4; lastKnownFileType = sourcecode.swift; path = FleetSpec.swift; sourceTree = "<group>"; };
		30EE90546904288D19A484233A8AB4F0 /* UIStoryboard+FleetSpec.swift */ = {isa = PBXFileReference; fileEncoding = 4; lastKnownFileType = sourcecode.swift; path = "UIStoryboard+FleetSpec.swift"; sourceTree = "<group>"; };
		3371FB9A355D78961410052549312AC2 /* UIBarButtonItem+FleetSpec.swift */ = {isa = PBXFileReference; fileEncoding = 4; lastKnownFileType = sourcecode.swift; path = "UIBarButtonItem+FleetSpec.swift"; sourceTree = "<group>"; };
		35AFCCB8CD16D7A436E5A5B406868350 /* BirdsViewController.swift */ = {isa = PBXFileReference; fileEncoding = 4; lastKnownFileType = sourcecode.swift; path = BirdsViewController.swift; sourceTree = "<group>"; };
		3B83176AB1F656C735FFC27EA9B1A29C /* Fleet.swift */ = {isa = PBXFileReference; fileEncoding = 4; lastKnownFileType = sourcecode.swift; path = Fleet.swift; sourceTree = "<group>"; };
		3DD9494E4088A5F8D37BB52C2F4C2857 /* UIButton+FleetSpec.swift */ = {isa = PBXFileReference; fileEncoding = 4; lastKnownFileType = sourcecode.swift; path = "UIButton+FleetSpec.swift"; sourceTree = "<group>"; };
		4066466E5CAD163146316DB61D37641B /* UINavigationController+Fleet.m */ = {isa = PBXFileReference; fileEncoding = 4; lastKnownFileType = sourcecode.c.objc; path = "UINavigationController+Fleet.m"; sourceTree = "<group>"; };
		40B94A0B3B40E372CEFDBB11D9F73081 /* UITextField+Fleet.swift */ = {isa = PBXFileReference; fileEncoding = 4; lastKnownFileType = sourcecode.swift; path = "UITextField+Fleet.swift"; sourceTree = "<group>"; };
		43FEC73C021965C3D77828B9FC0B2C7E /* KittensStoryboard.storyboard */ = {isa = PBXFileReference; fileEncoding = 4; lastKnownFileType = file.storyboard; path = KittensStoryboard.storyboard; sourceTree = "<group>"; };
		45BD883E7223C8DD4301E958F590F5B7 /* UIControlEventRecorder.swift */ = {isa = PBXFileReference; fileEncoding = 4; lastKnownFileType = sourcecode.swift; path = UIControlEventRecorder.swift; sourceTree = "<group>"; };
		465C6C34E51DB288711F2FB40916E235 /* MockForSpec.swift */ = {isa = PBXFileReference; fileEncoding = 4; lastKnownFileType = sourcecode.swift; path = MockForSpec.swift; sourceTree = "<group>"; };
		47AC288E5A7525669627801119587761 /* UITableView+FetchCellSpec.swift */ = {isa = PBXFileReference; fileEncoding = 4; lastKnownFileType = sourcecode.swift; path = "UITableView+FetchCellSpec.swift"; sourceTree = "<group>"; };
		47DB3BE5DA6426EFCC2825BB4F9D14C6 /* AnimalListViewController.swift */ = {isa = PBXFileReference; fileEncoding = 4; lastKnownFileType = sourcecode.swift; path = AnimalListViewController.swift; sourceTree = "<group>"; };
		4852491031D69EDAD3310ADD8F74AC08 /* CrabStoryboard.storyboard */ = {isa = PBXFileReference; fileEncoding = 4; lastKnownFileType = file.storyboard; path = CrabStoryboard.storyboard; sourceTree = "<group>"; };
		4B21C2EE01584142DE1A110F7032C30F /* UIViewController+Fleet.swift */ = {isa = PBXFileReference; fileEncoding = 4; lastKnownFileType = sourcecode.swift; path = "UIViewController+Fleet.swift"; sourceTree = "<group>"; };
		4E26757064F4E4A4C4E8487AC5F14AC7 /* IsClassKindOfSpec.swift */ = {isa = PBXFileReference; fileEncoding = 4; lastKnownFileType = sourcecode.swift; path = IsClassKindOfSpec.swift; sourceTree = "<group>"; };
		52587DE0CDC0925F203EBF3F6E7E69AD /* UITableView+FetchCell.swift */ = {isa = PBXFileReference; fileEncoding = 4; lastKnownFileType = sourcecode.swift; path = "UITableView+FetchCell.swift"; sourceTree = "<group>"; };
		5270C34EE9485AACA73ADEFB7B112603 /* TableViewError.swift */ = {isa = PBXFileReference; fileEncoding = 4; lastKnownFileType = sourcecode.swift; path = TableViewError.swift; sourceTree = "<group>"; };
		52DFECD0A33CB93D4FC795C510556B9E /* EmbedView.swift */ = {isa = PBXFileReference; fileEncoding = 4; lastKnownFileType = sourcecode.swift; path = EmbedView.swift; sourceTree = "<group>"; };
		56E18EF111882E0BFA3EFD9C2BFE9D6A /* HomeTabBarController.swift */ = {isa = PBXFileReference; lastKnownFileType = sourcecode.swift; path = HomeTabBarController.swift; sourceTree = "<group>"; };
		58C471377078603EAF1F2DA5BBC34188 /* UINavigationBar+FleetSpec.swift */ = {isa = PBXFileReference; fileEncoding = 4; lastKnownFileType = sourcecode.swift; path = "UINavigationBar+FleetSpec.swift"; sourceTree = "<group>"; };
		5BBED5CEA7EE34FA27D907B59B53E1F2 /* Assets.xcassets */ = {isa = PBXFileReference; lastKnownFileType = folder.assetcatalog; path = Assets.xcassets; sourceTree = "<group>"; };
		60F4EC03725913616CB600085397B523 /* StoryboardReferenceMap.swift */ = {isa = PBXFileReference; fileEncoding = 4; lastKnownFileType = sourcecode.swift; path = StoryboardReferenceMap.swift; sourceTree = "<group>"; };
		62D7051E5FAA336CE7034096B900CA92 /* FLTScreen.swift */ = {isa = PBXFileReference; fileEncoding = 4; lastKnownFileType = sourcecode.swift; path = FLTScreen.swift; sourceTree = "<group>"; };
		64A8A3698BDB7D9F225937B7785392E9 /* FleetInternalError.swift */ = {isa = PBXFileReference; lastKnownFileType = sourcecode.swift; path = FleetInternalError.swift; sourceTree = "<group>"; };
		64E7455E4ACEA1E5756F88CA503D3211 /* CorgiViewController.swift */ = {isa = PBXFileReference; fileEncoding = 4; lastKnownFileType = sourcecode.swift; path = CorgiViewController.swift; sourceTree = "<group>"; };
		6707D8B9C65DBE8AEBCA3FC756C95306 /* UITableViewRowAction+Fleet.m */ = {isa = PBXFileReference; fileEncoding = 4; lastKnownFileType = sourcecode.c.objc; path = "UITableViewRowAction+Fleet.m"; sourceTree = "<group>"; };
		72B2E576B44507A600BCC3F02334EB35 /* BoxTurtleViewController.swift */ = {isa = PBXFileReference; fileEncoding = 4; lastKnownFileType = sourcecode.swift; path = BoxTurtleViewController.swift; sourceTree = "<group>"; };
		755E44D1ACB0D0202E9E998F1301472E /* UISwitch+FleetSpec.swift */ = {isa = PBXFileReference; fileEncoding = 4; lastKnownFileType = sourcecode.swift; path = "UISwitch+FleetSpec.swift"; sourceTree = "<group>"; };
		78E4FA5BF2A93423972AA544D267F5FE /* ScreenSpec.swift */ = {isa = PBXFileReference; fileEncoding = 4; lastKnownFileType = sourcecode.swift; path = ScreenSpec.swift; sourceTree = "<group>"; };
		793F5157FBAEF735B127A01613C67667 /* KittensNavigationController.swift */ = {isa = PBXFileReference; fileEncoding = 4; lastKnownFileType = sourcecode.swift; path = KittensNavigationController.swift; sourceTree = "<group>"; };
		7C5D39B052E4A5CC884817948F531394 /* UITableView+SelectCellActionSpec.swift */ = {isa = PBXFileReference; fileEncoding = 4; lastKnownFileType = sourcecode.swift; path = "UITableView+SelectCellActionSpec.swift"; sourceTree = "<group>"; };
		7E3C9AE33E0FA2A89AE5DF0AD6274484 /* UITextView+FleetSpec.swift */ = {isa = PBXFileReference; fileEncoding = 4; lastKnownFileType = sourcecode.swift; path = "UITextView+FleetSpec.swift"; sourceTree = "<group>"; };
		7EB560700F00A570B30447429B60D06F /* Test.swift */ = {isa = PBXFileReference; fileEncoding = 4; lastKnownFileType = sourcecode.swift; path = Test.swift; sourceTree = "<group>"; };
		7F12F897ECD36F3BBD156EF38D93CAED /* UIAlertAction+Fleet.swift */ = {isa = PBXFileReference; fileEncoding = 4; lastKnownFileType = sourcecode.swift; path = "UIAlertAction+Fleet.swift"; sourceTree = "<group>"; };
		8809CE78CF33BF6186F19235A00991AE /* TestImage.swift */ = {isa = PBXFileReference; lastKnownFileType = sourcecode.swift; path = TestImage.swift; sourceTree = "<group>"; };
		8C7EDD8311327ABBF2634F3067FB9851 /* UIBarButtonItem+Fleet.swift */ = {isa = PBXFileReference; fileEncoding = 4; lastKnownFileType = sourcecode.swift; path = "UIBarButtonItem+Fleet.swift"; sourceTree = "<group>"; };
		8D82EB548BA127DD564774EDF22D2CEF /* FleetTestApp.app */ = {isa = PBXFileReference; explicitFileType = wrapper.application; includeInIndex = 0; path = FleetTestApp.app; sourceTree = BUILT_PRODUCTS_DIR; };
		8F5A29B57CBA59AF29C08080B80512A3 /* MockFor.swift */ = {isa = PBXFileReference; fileEncoding = 4; lastKnownFileType = sourcecode.swift; path = MockFor.swift; sourceTree = "<group>"; };
		917CDD11E96C21BFEDF59475A7FB7598 /* UIControlEventEqualityMatcher.swift */ = {isa = PBXFileReference; fileEncoding = 4; lastKnownFileType = sourcecode.swift; path = UIControlEventEqualityMatcher.swift; sourceTree = "<group>"; };
		97A9A272F8BA71B8B0763A2FD60E200C /* UITextView+Fleet.swift */ = {isa = PBXFileReference; fileEncoding = 4; lastKnownFileType = sourcecode.swift; path = "UITextView+Fleet.swift"; sourceTree = "<group>"; };
		97FA6B955A03213C455A6C3F79314672 /* UITableView+SelectRowMinimalDelegateImplSpec.swift */ = {isa = PBXFileReference; fileEncoding = 4; lastKnownFileType = sourcecode.swift; path = "UITableView+SelectRowMinimalDelegateImplSpec.swift"; sourceTree = "<group>"; };
		98A2F4653800D4CA7A39ED73F8616222 /* Swizzle.swift */ = {isa = PBXFileReference; lastKnownFileType = sourcecode.swift; path = Swizzle.swift; sourceTree = "<group>"; };
		99B6FB76D091F4DAB92EE506D8F12625 /* File.swift */ = {isa = PBXFileReference; fileEncoding = 4; lastKnownFileType = sourcecode.swift; path = File.swift; sourceTree = "<group>"; };
		9DF88149CF8370C85EE137DA80CDC153 /* PuppyListViewController.swift */ = {isa = PBXFileReference; fileEncoding = 4; lastKnownFileType = sourcecode.swift; path = PuppyListViewController.swift; sourceTree = "<group>"; };
		9F1C581735E28DA3A3EF67CD9A35CA72 /* UIAlertAction+Fleet.m */ = {isa = PBXFileReference; fileEncoding = 4; lastKnownFileType = sourcecode.c.objc; path = "UIAlertAction+Fleet.m"; sourceTree = "<group>"; };
		9F26AEE1995785A3D7FFDD58A758EF86 /* StoryboardDeserializerSpec.swift */ = {isa = PBXFileReference; fileEncoding = 4; lastKnownFileType = sourcecode.swift; path = StoryboardDeserializerSpec.swift; sourceTree = "<group>"; };
		A1ACBE6F1989B5B9A20DB85A239E89FC /* Info.plist */ = {isa = PBXFileReference; lastKnownFileType = text.plist.xml; path = Info.plist; sourceTree = "<group>"; };
		A1E1CFE2217238C6E7294E1192D005BA /* UIStoryboard+Fleet.m */ = {isa = PBXFileReference; fileEncoding = 4; lastKnownFileType = sourcecode.c.objc; path = "UIStoryboard+Fleet.m"; sourceTree = "<group>"; };
		A97BC11735594C22B644609523A547E9 /* Info.plist */ = {isa = PBXFileReference; fileEncoding = 4; lastKnownFileType = text.plist.xml; path = Info.plist; sourceTree = "<group>"; };
		AB393A412ED5DD1AE812A99B8DEF964A /* UIAlertController+Fleet.swift */ = {isa = PBXFileReference; fileEncoding = 4; lastKnownFileType = sourcecode.swift; path = "UIAlertController+Fleet.swift"; sourceTree = "<group>"; };
		AC95BD38DD145E2D88997CA193F2085A /* TestTextFieldDelegate.swift */ = {isa = PBXFileReference; fileEncoding = 4; lastKnownFileType = sourcecode.swift; path = TestTextFieldDelegate.swift; sourceTree = "<group>"; };
		AF29DAA4C1DB06E828851BD27F1CFE7E /* UIAlertAction+FleetSpec.swift */ = {isa = PBXFileReference; fileEncoding = 4; lastKnownFileType = sourcecode.swift; path = "UIAlertAction+FleetSpec.swift"; sourceTree = "<group>"; };
		B06AF9E0002CE3CED7D44C5402193C57 /* CatchError.swift */ = {isa = PBXFileReference; lastKnownFileType = sourcecode.swift; path = CatchError.swift; sourceTree = "<group>"; };
		B828DF6423459F4B5FA2BFB94A3E9DED /* UITextField+FleetSpec.swift */ = {isa = PBXFileReference; fileEncoding = 4; lastKnownFileType = sourcecode.swift; path = "UITextField+FleetSpec.swift"; sourceTree = "<group>"; };
		BF90CD3F54013B481D0B6A6046EE8169 /* UIToolbar+FleetSpec.swift */ = {isa = PBXFileReference; lastKnownFileType = sourcecode.swift; path = "UIToolbar+FleetSpec.swift"; sourceTree = "<group>"; };
		C0E57AF96F666CF9BB5FFD5A9F256183 /* SegueDetailSpec.swift */ = {isa = PBXFileReference; fileEncoding = 4; lastKnownFileType = sourcecode.swift; path = SegueDetailSpec.swift; sourceTree = "<group>"; };
		C23AABBB2C7F2058CBFC47395A60245D /* UITableView+SelectRow.swift */ = {isa = PBXFileReference; fileEncoding = 4; lastKnownFileType = sourcecode.swift; path = "UITableView+SelectRow.swift"; sourceTree = "<group>"; };
		C3C6A0F27B1EC657058F0AB28C7DAB2A /* FruitViewController.swift */ = {isa = PBXFileReference; lastKnownFileType = sourcecode.swift; path = FruitViewController.swift; sourceTree = "<group>"; };
		C5B36B58F5A1146639FCE1768E32D083 /* UIViewController+Fleet.m */ = {isa = PBXFileReference; fileEncoding = 4; lastKnownFileType = sourcecode.c.objc; path = "UIViewController+Fleet.m"; sourceTree = "<group>"; };
		CA21E1510572499EC103A8B72FD0940E /* UITabBarController+FleetSpec.swift */ = {isa = PBXFileReference; lastKnownFileType = sourcecode.swift; path = "UITabBarController+FleetSpec.swift"; sourceTree = "<group>"; };
		CA5CD678CFD9F8C10D72D3B9244556F4 /* Fleet.h */ = {isa = PBXFileReference; lastKnownFileType = sourcecode.c.h; path = Fleet.h; sourceTree = "<group>"; };
		CCC941C78C201DD74976D5C028F2BE5D /* FleetObjC.h */ = {isa = PBXFileReference; fileEncoding = 4; lastKnownFileType = sourcecode.c.h; path = FleetObjC.h; sourceTree = "<group>"; };
		CD40D2DAA570727AE198937008DE260A /* copy_storyboard_info_files.sh */ = {isa = PBXFileReference; lastKnownFileType = text.script.sh; path = copy_storyboard_info_files.sh; sourceTree = "<group>"; };
		CEC57D4ADBDCED4CAB752EE77F924902 /* Nimble.framework */ = {isa = PBXFileReference; lastKnownFileType = wrapper.framework; name = Nimble.framework; path = Carthage/Build/iOS/Nimble.framework; sourceTree = "<group>"; };
		CEC5E24204C0FCACCE9815FB4D299091 /* Base */ = {isa = PBXFileReference; lastKnownFileType = file.storyboard; name = Base; path = Base.lproj/LaunchScreen.storyboard; sourceTree = "<group>"; };
		D034E940CE49DD380BF2AE9A0BC02376 /* UIAlertController+FleetSpec.swift */ = {isa = PBXFileReference; fileEncoding = 4; lastKnownFileType = sourcecode.swift; path = "UIAlertController+FleetSpec.swift"; sourceTree = "<group>"; };
		D38127D5F0103783BA35453E16775848 /* TurtlesAndFriendsStoryboard.storyboard */ = {isa = PBXFileReference; fileEncoding = 4; lastKnownFileType = file.storyboard; path = TurtlesAndFriendsStoryboard.storyboard; sourceTree = "<group>"; };
		D6A41E20265721F988948D5835B2A3A2 /* UITableViewRowAction+FleetSpec.swift */ = {isa = PBXFileReference; fileEncoding = 4; lastKnownFileType = sourcecode.swift; path = "UITableViewRowAction+FleetSpec.swift"; sourceTree = "<group>"; };
		D7E9CF7CFF2ABE4832483B0592764FEF /* FleetObjC.m */ = {isa = PBXFileReference; fileEncoding = 4; lastKnownFileType = sourcecode.c.objc; path = FleetObjC.m; sourceTree = "<group>"; };
		DB77230662ABBA382F02A96684B7D0EA /* UIViewController+FleetInternalSpec.swift */ = {isa = PBXFileReference; fileEncoding = 4; lastKnownFileType = sourcecode.swift; path = "UIViewController+FleetInternalSpec.swift"; sourceTree = "<group>"; };
		E23EC618705FE61E04A980CF5B8BE73B /* UITableViewRowAction+Fleet.swift */ = {isa = PBXFileReference; fileEncoding = 4; lastKnownFileType = sourcecode.swift; path = "UITableViewRowAction+Fleet.swift"; sourceTree = "<group>"; };
		E625FCA893FF67F6961976BBD47C6F69 /* FleetSwizzle.m */ = {isa = PBXFileReference; fileEncoding = 4; lastKnownFileType = sourcecode.c.objc; path = FleetSwizzle.m; sourceTree = "<group>"; };
		EECEF1DE5259FFE27BACB4E4CEF86A5E /* UIButton+Fleet.swift */ = {isa = PBXFileReference; fileEncoding = 4; lastKnownFileType = sourcecode.swift; path = "UIButton+Fleet.swift"; sourceTree = "<group>"; };
		EF8B7F43E5919A754A8AF2FE64371279 /* StoryboardDeserializer.swift */ = {isa = PBXFileReference; fileEncoding = 4; lastKnownFileType = sourcecode.swift; path = StoryboardDeserializer.swift; sourceTree = "<group>"; };
		F05ED8DF2BD23195249C216993360D9D /* UISwitch+Fleet.swift */ = {isa = PBXFileReference; fileEncoding = 4; lastKnownFileType = sourcecode.swift; path = "UISwitch+Fleet.swift"; sourceTree = "<group>"; };
		F0602920E5A049CB7C18890A3B3F9B5A /* PuppyStoryboard.storyboard */ = {isa = PBXFileReference; fileEncoding = 4; lastKnownFileType = file.storyboard; path = PuppyStoryboard.storyboard; sourceTree = "<group>"; };
		F0F5289F7439040C4DC9A2D720E6964E /* FleetSwizzle.h */ = {isa = PBXFileReference; lastKnownFileType = sourcecode.c.h; path = FleetSwizzle.h; sourceTree = "<group>"; };
		F1373A32EFE6376408B79542E7A86C5A /* SpottedTurtleViewController.swift */ = {isa = PBXFileReference; fileEncoding = 4; lastKnownFileType = sourcecode.swift; path = SpottedTurtleViewController.swift; sourceTree = "<group>"; };
		F22579A3E84B95F6C4A9D081A0D5A869 /* StoryboardInstanceBinding.swift */ = {isa = PBXFileReference; fileEncoding = 4; lastKnownFileType = sourcecode.swift; path = StoryboardInstanceBinding.swift; sourceTree = "<group>"; };
		F24C463C535354EBBE81A1D3CAB68911 /* UINavigationBar+Fleet.swift */ = {isa = PBXFileReference; lastKnownFileType = sourcecode.swift; path = "UINavigationBar+Fleet.swift"; sourceTree = "<group>"; };
		F3B7D067B89D62FEA47A49F9CD0C1CE6 /* UINavigationController+FleetSpec.swift */ = {isa = PBXFileReference; fileEncoding = 4; lastKnownFileType = sourcecode.swift; path = "UINavigationController+FleetSpec.swift"; sourceTree = "<group>"; };
		FA23F118271DEA8BCEBFE4C44D75B3D5 /* UIToolbar+Fleet.swift */ = {isa = PBXFileReference; lastKnownFileType = sourcecode.swift; path = "UIToolbar+Fleet.swift"; sourceTree = "<group>"; };
		FC3CCD4E676D7A66425C4312F75047CA /* NotificationListener.swift */ = {isa = PBXFileReference; lastKnownFileType = sourcecode.swift; path = NotificationListener.swift; sourceTree = "<group>"; };
		FD17DA707751382BB9D6B27802DDE52C /* Screen.swift */ = {isa = PBXFileReference; fileEncoding = 4; lastKnownFileType = sourcecode.swift; path = Screen.swift; sourceTree = "<group>"; };
		FF4C3B1DD1EC40D8806F4F1381FF0388 /* TestTextViewDelegate.swift */ = {isa = PBXFileReference; fileEncoding = 4; lastKnownFileType = sourcecode.swift; path = TestTextViewDelegate.swift; sourceTree = "<group>"; };
		FFB2C13E0318B0488EF9AF5E6C075EF6 /* CrabViewController.swift */ = {isa = PBXFileReference; fileEncoding = 4; lastKnownFileType = sourcecode.swift; path = CrabViewController.swift; sourceTree = "<group>"; };
/* End PBXFileReference section */

/* Begin PBXFrameworksBuildPhase section */
		897D2FB25DC4E6366F7C9BADAC854538 /* Frameworks */ = {
			isa = PBXFrameworksBuildPhase;
			buildActionMask = 2147483647;
			files = (
			);
			runOnlyForDeploymentPostprocessing = 0;
		};
		BF52C2B68C99394F8B0068B9657A30C9 /* Frameworks */ = {
			isa = PBXFrameworksBuildPhase;
			buildActionMask = 2147483647;
			files = (
				AE646E3D65BD1C0032BEB136E030C9D0 /* Nimble.framework in Frameworks */,
			);
			runOnlyForDeploymentPostprocessing = 0;
		};
		C72EE11FAA9D157C8D8FC8B43909A41D /* Frameworks */ = {
			isa = PBXFrameworksBuildPhase;
			buildActionMask = 2147483647;
			files = (
			);
			runOnlyForDeploymentPostprocessing = 0;
		};
/* End PBXFrameworksBuildPhase section */

/* Begin PBXGroup section */
		0116C9796121EBF13910104407EA6E51 /* TableView */ = {
			isa = PBXGroup;
			children = (
				5270C34EE9485AACA73ADEFB7B112603 /* TableViewError.swift */,
				52587DE0CDC0925F203EBF3F6E7E69AD /* UITableView+FetchCell.swift */,
				0EECF6E84630F80AEDA08A869F162FF2 /* UITableView+SelectCellAction.swift */,
				C23AABBB2C7F2058CBFC47395A60245D /* UITableView+SelectRow.swift */,
				6707D8B9C65DBE8AEBCA3FC756C95306 /* UITableViewRowAction+Fleet.m */,
				E23EC618705FE61E04A980CF5B8BE73B /* UITableViewRowAction+Fleet.swift */,
			);
			path = TableView;
			sourceTree = "<group>";
		};
		0946955703BE9515EF121B0B6428CCF2 /* TableView */ = {
			isa = PBXGroup;
			children = (
				47AC288E5A7525669627801119587761 /* UITableView+FetchCellSpec.swift */,
				7C5D39B052E4A5CC884817948F531394 /* UITableView+SelectCellActionSpec.swift */,
				97FA6B955A03213C455A6C3F79314672 /* UITableView+SelectRowMinimalDelegateImplSpec.swift */,
				017A7C0CAE797B097E04BF0DCF5FB0F4 /* UITableView+SelectRowSpec.swift */,
				D6A41E20265721F988948D5835B2A3A2 /* UITableViewRowAction+FleetSpec.swift */,
			);
			path = TableView;
			sourceTree = "<group>";
		};
		137493E7104EF412D9CDA2B3F488AFFD /* ObjC */ = {
			isa = PBXGroup;
			children = (
				1263581B3A4B96C878F2121C13F714B8 /* CatchErrorSpec.swift */,
				4E26757064F4E4A4C4E8487AC5F14AC7 /* IsClassKindOfSpec.swift */,
			);
			path = ObjC;
			sourceTree = "<group>";
		};
		1388A3091F1964D41FACCC30C16F7202 /* CoreExtensions */ = {
			isa = PBXGroup;
			children = (
				FF806319CA90B4DA570BC3B3D5FDDE29 /* Alerts */,
				B668EA84D774787E736BF6FDA14AD08D /* Controls */,
				65C8A084EBA8A9668C5E4FACFF4B5A7E /* Navigation */,
				20B8241ADAEC4862B33E54877B760472 /* Storyboard */,
				0946955703BE9515EF121B0B6428CCF2 /* TableView */,
				2EE6319A94E053ED2CD7909540C0786F /* Toolbar */,
				9E486A81FEACC54F53F0C5058709B7CA /* ViewController */,
				3371FB9A355D78961410052549312AC2 /* UIBarButtonItem+FleetSpec.swift */,
				F3B7D067B89D62FEA47A49F9CD0C1CE6 /* UINavigationController+FleetSpec.swift */,
			);
			path = CoreExtensions;
			sourceTree = "<group>";
		};
		16ACF751F5BF31F74F5FDE6F81E5D698 /* ObjC */ = {
			isa = PBXGroup;
			children = (
				CCC941C78C201DD74976D5C028F2BE5D /* FleetObjC.h */,
				D7E9CF7CFF2ABE4832483B0592764FEF /* FleetObjC.m */,
				F0F5289F7439040C4DC9A2D720E6964E /* FleetSwizzle.h */,
				E625FCA893FF67F6961976BBD47C6F69 /* FleetSwizzle.m */,
				98A2F4653800D4CA7A39ED73F8616222 /* Swizzle.swift */,
			);
			path = ObjC;
			sourceTree = "<group>";
		};
		1FB6D804F2E124DC02A6C7588D0A0975 /* Mocking */ = {
			isa = PBXGroup;
			children = (
				465C6C34E51DB288711F2FB40916E235 /* MockForSpec.swift */,
			);
			path = Mocking;
			sourceTree = "<group>";
		};
		20B8241ADAEC4862B33E54877B760472 /* Storyboard */ = {
			isa = PBXGroup;
			children = (
				C0E57AF96F666CF9BB5FFD5A9F256183 /* SegueDetailSpec.swift */,
				9F26AEE1995785A3D7FFDD58A758EF86 /* StoryboardDeserializerSpec.swift */,
				30EE90546904288D19A484233A8AB4F0 /* UIStoryboard+FleetSpec.swift */,
			);
			path = Storyboard;
			sourceTree = "<group>";
		};
		2794B0AFD4EF4EB8C3160C147E881B65 /* FleetTests */ = {
			isa = PBXGroup;
			children = (
				1388A3091F1964D41FACCC30C16F7202 /* CoreExtensions */,
				2C6235B1FED13AA8319FACE30FC545E5 /* Helpers */,
				1FB6D804F2E124DC02A6C7588D0A0975 /* Mocking */,
				137493E7104EF412D9CDA2B3F488AFFD /* ObjC */,
				C0D1C4B0E10774C50159EA6B35551FCD /* Screen */,
				30B14DC0E39C6822D6A323127B964938 /* FleetSpec.swift */,
				A97BC11735594C22B644609523A547E9 /* Info.plist */,
			);
			path = FleetTests;
			sourceTree = "<group>";
		};
		2C6235B1FED13AA8319FACE30FC545E5 /* Helpers */ = {
			isa = PBXGroup;
			children = (
				52DFECD0A33CB93D4FC795C510556B9E /* EmbedView.swift */,
				99B6FB76D091F4DAB92EE506D8F12625 /* File.swift */,
				FC3CCD4E676D7A66425C4312F75047CA /* NotificationListener.swift */,
				7EB560700F00A570B30447429B60D06F /* Test.swift */,
			);
			path = Helpers;
			sourceTree = "<group>";
		};
		2EE6319A94E053ED2CD7909540C0786F /* Toolbar */ = {
			isa = PBXGroup;
			children = (
				BF90CD3F54013B481D0B6A6046EE8169 /* UIToolbar+FleetSpec.swift */,
			);
			path = Toolbar;
			sourceTree = "<group>";
		};
		324AA5F9E2949EC7839D202CD4EE3A56 /* TabBar */ = {
			isa = PBXGroup;
			children = (
				00CB7A331BF294C96B60B5B068A919B9 /* UITabBarController+Fleet.swift */,
			);
			path = TabBar;
			sourceTree = "<group>";
		};
		3DC028AFAFC590F9C9889D068B476342 /* Logging */ = {
			isa = PBXGroup;
			children = (
				2DB374E16E0F7AC532444987123E472F /* Logger.swift */,
			);
			path = Logging;
			sourceTree = "<group>";
		};
		4122B441B3CB71C253C4E38A01A9BEE8 = {
			isa = PBXGroup;
			children = (
				8C14763FAC94BBE098B419DD45140DC0 /* Fleet */,
				BA951EFAE95CE483A145A6E4F6DD997E /* FleetTestApp */,
				2794B0AFD4EF4EB8C3160C147E881B65 /* FleetTests */,
				CF96B54698F036E2E17E093CF3BF567E /* Frameworks */,
				99DE9216004AAECAE8DCC19EA8208827 /* Products */,
			);
			sourceTree = "<group>";
		};
		43FBD00B16235C20DE5DB8BA889221F7 /* Error */ = {
			isa = PBXGroup;
			children = (
				B06AF9E0002CE3CED7D44C5402193C57 /* CatchError.swift */,
				2CF8D83338014164C317A163CBF646C7 /* FleetError.swift */,
				64A8A3698BDB7D9F225937B7785392E9 /* FleetInternalError.swift */,
			);
			path = Error;
			sourceTree = "<group>";
		};
		61F9F041BD64BB17BD39A0B4E3A5F714 /* Toolbar */ = {
			isa = PBXGroup;
			children = (
				FA23F118271DEA8BCEBFE4C44D75B3D5 /* UIToolbar+Fleet.swift */,
			);
			path = Toolbar;
			sourceTree = "<group>";
		};
		65C8A084EBA8A9668C5E4FACFF4B5A7E /* Navigation */ = {
			isa = PBXGroup;
			children = (
				B9316B3C4B652900545F0D3EDE0D0441 /* NavBar */,
				7E8A790FCFB0455B6AB0E9C4F20C6A21 /* TabBar */,
			);
			path = Navigation;
			sourceTree = "<group>";
		};
		67AF0FD778DE649F663512D95FB138B6 /* Storyboard */ = {
			isa = PBXGroup;
			children = (
				1CD579F4EE6A350C6EB5D35CB7DC4DCF /* StoryboardBindingError.swift */,
				EF8B7F43E5919A754A8AF2FE64371279 /* StoryboardDeserializer.swift */,
				F22579A3E84B95F6C4A9D081A0D5A869 /* StoryboardInstanceBinding.swift */,
				60F4EC03725913616CB600085397B523 /* StoryboardReferenceMap.swift */,
				A1E1CFE2217238C6E7294E1192D005BA /* UIStoryboard+Fleet.m */,
				27C57797EE4618C702660B5C466F2895 /* UIStoryboard+Fleet.swift */,
			);
			path = Storyboard;
			sourceTree = "<group>";
		};
		6BFD9E641F301D5D10B09A3A0068194A /* ViewController */ = {
			isa = PBXGroup;
			children = (
				C5B36B58F5A1146639FCE1768E32D083 /* UIViewController+Fleet.m */,
				4B21C2EE01584142DE1A110F7032C30F /* UIViewController+Fleet.swift */,
			);
			path = ViewController;
			sourceTree = "<group>";
		};
		7E8A790FCFB0455B6AB0E9C4F20C6A21 /* TabBar */ = {
			isa = PBXGroup;
			children = (
				CA21E1510572499EC103A8B72FD0940E /* UITabBarController+FleetSpec.swift */,
			);
			path = TabBar;
			sourceTree = "<group>";
		};
		8C14763FAC94BBE098B419DD45140DC0 /* Fleet */ = {
			isa = PBXGroup;
			children = (
				AF9CCA99580910A9DFE8B492E8310A1F /* CoreExtensions */,
				43FBD00B16235C20DE5DB8BA889221F7 /* Error */,
				3DC028AFAFC590F9C9889D068B476342 /* Logging */,
				F244492C08B294030BC8DAB53EA02D36 /* Mocking */,
				16ACF751F5BF31F74F5FDE6F81E5D698 /* ObjC */,
				9AF1FA60EE390C50CC768EE638491AAE /* Screen */,
				A3963E3AD1B77527E06D0E128D8E3845 /* Script */,
				CA5CD678CFD9F8C10D72D3B9244556F4 /* Fleet.h */,
				3B83176AB1F656C735FFC27EA9B1A29C /* Fleet.swift */,
				A1ACBE6F1989B5B9A20DB85A239E89FC /* Info.plist */,
			);
			path = Fleet;
			sourceTree = "<group>";
		};
		99BB4D59619FB9708F23C00A49FF957E /* NavBar */ = {
			isa = PBXGroup;
			children = (
				F24C463C535354EBBE81A1D3CAB68911 /* UINavigationBar+Fleet.swift */,
			);
			path = NavBar;
			sourceTree = "<group>";
		};
		99DE9216004AAECAE8DCC19EA8208827 /* Products */ = {
			isa = PBXGroup;
			children = (
				8D82EB548BA127DD564774EDF22D2CEF /* FleetTestApp.app */,
			);
			name = Products;
			sourceTree = "<group>";
		};
		9AF1FA60EE390C50CC768EE638491AAE /* Screen */ = {
			isa = PBXGroup;
			children = (
				62D7051E5FAA336CE7034096B900CA92 /* FLTScreen.swift */,
				FD17DA707751382BB9D6B27802DDE52C /* Screen.swift */,
			);
			path = Screen;
			sourceTree = "<group>";
		};
		9E486A81FEACC54F53F0C5058709B7CA /* ViewController */ = {
			isa = PBXGroup;
			children = (
				DB77230662ABBA382F02A96684B7D0EA /* UIViewController+FleetInternalSpec.swift */,
				20CC420E38F21AEFF595D2A4BFA8B3CB /* UIViewController+FleetSpec.swift */,
			);
			path = ViewController;
			sourceTree = "<group>";
		};
		9F20D48A450AB5E792FD32EE62089206 /* Source */ = {
			isa = PBXGroup;
			children = (
				47DB3BE5DA6426EFCC2825BB4F9D14C6 /* AnimalListViewController.swift */,
				0B0A5FE9E9C6536F560C28CB59E5E04E /* Birds.storyboard */,
				35AFCCB8CD16D7A436E5A5B406868350 /* BirdsViewController.swift */,
				72B2E576B44507A600BCC3F02334EB35 /* BoxTurtleViewController.swift */,
				64E7455E4ACEA1E5756F88CA503D3211 /* CorgiViewController.swift */,
				4852491031D69EDAD3310ADD8F74AC08 /* CrabStoryboard.storyboard */,
				FFB2C13E0318B0488EF9AF5E6C075EF6 /* CrabViewController.swift */,
				C3C6A0F27B1EC657058F0AB28C7DAB2A /* FruitViewController.swift */,
				56E18EF111882E0BFA3EFD9C2BFE9D6A /* HomeTabBarController.swift */,
				793F5157FBAEF735B127A01613C67667 /* KittensNavigationController.swift */,
				43FEC73C021965C3D77828B9FC0B2C7E /* KittensStoryboard.storyboard */,
				9DF88149CF8370C85EE137DA80CDC153 /* PuppyListViewController.swift */,
				F0602920E5A049CB7C18890A3B3F9B5A /* PuppyStoryboard.storyboard */,
				F1373A32EFE6376408B79542E7A86C5A /* SpottedTurtleViewController.swift */,
				8809CE78CF33BF6186F19235A00991AE /* TestImage.swift */,
				D38127D5F0103783BA35453E16775848 /* TurtlesAndFriendsStoryboard.storyboard */,
			);
			path = Source;
			sourceTree = "<group>";
		};
		9FD81DB74359ED9EE6031E360CA3E44D /* Alerts */ = {
			isa = PBXGroup;
			children = (
				9F1C581735E28DA3A3EF67CD9A35CA72 /* UIAlertAction+Fleet.m */,
				7F12F897ECD36F3BBD156EF38D93CAED /* UIAlertAction+Fleet.swift */,
				AB393A412ED5DD1AE812A99B8DEF964A /* UIAlertController+Fleet.swift */,
			);
			path = Alerts;
			sourceTree = "<group>";
		};
		A3963E3AD1B77527E06D0E128D8E3845 /* Script */ = {
			isa = PBXGroup;
			children = (
				CD40D2DAA570727AE198937008DE260A /* copy_storyboard_info_files.sh */,
			);
			path = Script;
			sourceTree = "<group>";
		};
		AF9CCA99580910A9DFE8B492E8310A1F /* CoreExtensions */ = {
			isa = PBXGroup;
			children = (
				9FD81DB74359ED9EE6031E360CA3E44D /* Alerts */,
				CCC917224081B335A4CC1374FBC21106 /* Controls */,
				D737DB17AE9DCE27E1E85CAF720ED13F /* Navigation */,
				67AF0FD778DE649F663512D95FB138B6 /* Storyboard */,
				0116C9796121EBF13910104407EA6E51 /* TableView */,
				61F9F041BD64BB17BD39A0B4E3A5F714 /* Toolbar */,
				6BFD9E641F301D5D10B09A3A0068194A /* ViewController */,
				8C7EDD8311327ABBF2634F3067FB9851 /* UIBarButtonItem+Fleet.swift */,
				4066466E5CAD163146316DB61D37641B /* UINavigationController+Fleet.m */,
				1771A15074D134A51D49A1C622A0BDFC /* UINavigationController+Fleet.swift */,
			);
			path = CoreExtensions;
			sourceTree = "<group>";
		};
		B668EA84D774787E736BF6FDA14AD08D /* Controls */ = {
			isa = PBXGroup;
			children = (
				DB5C81693DB69CC2149A8CFF30FC9BF2 /* TextInput */,
				3DD9494E4088A5F8D37BB52C2F4C2857 /* UIButton+FleetSpec.swift */,
				917CDD11E96C21BFEDF59475A7FB7598 /* UIControlEventEqualityMatcher.swift */,
				45BD883E7223C8DD4301E958F590F5B7 /* UIControlEventRecorder.swift */,
				755E44D1ACB0D0202E9E998F1301472E /* UISwitch+FleetSpec.swift */,
			);
			path = Controls;
			sourceTree = "<group>";
		};
		B9316B3C4B652900545F0D3EDE0D0441 /* NavBar */ = {
			isa = PBXGroup;
			children = (
				58C471377078603EAF1F2DA5BBC34188 /* UINavigationBar+FleetSpec.swift */,
			);
			path = NavBar;
			sourceTree = "<group>";
		};
		BA951EFAE95CE483A145A6E4F6DD997E /* FleetTestApp */ = {
			isa = PBXGroup;
			children = (
				9F20D48A450AB5E792FD32EE62089206 /* Source */,
				13FBF7F6D4877BE2033F438F1A785330 /* AppDelegate.swift */,
				5BBED5CEA7EE34FA27D907B59B53E1F2 /* Assets.xcassets */,
				0A3407380C00736768B9A8BA40AC4BDE /* Info.plist */,
				3B07D254E0737E385900CA6518C332D2 /* LaunchScreen.storyboard */,
			);
			path = FleetTestApp;
			sourceTree = "<group>";
		};
		C0D1C4B0E10774C50159EA6B35551FCD /* Screen */ = {
			isa = PBXGroup;
			children = (
				78E4FA5BF2A93423972AA544D267F5FE /* ScreenSpec.swift */,
			);
			path = Screen;
			sourceTree = "<group>";
		};
		CCC917224081B335A4CC1374FBC21106 /* Controls */ = {
			isa = PBXGroup;
			children = (
				E186B5B1B1D85E7C241D074AF353D7C3 /* TextInput */,
				EECEF1DE5259FFE27BACB4E4CEF86A5E /* UIButton+Fleet.swift */,
				F05ED8DF2BD23195249C216993360D9D /* UISwitch+Fleet.swift */,
			);
			path = Controls;
			sourceTree = "<group>";
		};
		CF96B54698F036E2E17E093CF3BF567E /* Frameworks */ = {
			isa = PBXGroup;
			children = (
				CEC57D4ADBDCED4CAB752EE77F924902 /* Nimble.framework */,
			);
			name = Frameworks;
			sourceTree = "<group>";
		};
		D737DB17AE9DCE27E1E85CAF720ED13F /* Navigation */ = {
			isa = PBXGroup;
			children = (
				99BB4D59619FB9708F23C00A49FF957E /* NavBar */,
				324AA5F9E2949EC7839D202CD4EE3A56 /* TabBar */,
			);
			path = Navigation;
			sourceTree = "<group>";
		};
		DB5C81693DB69CC2149A8CFF30FC9BF2 /* TextInput */ = {
			isa = PBXGroup;
			children = (
				F8F6F4246C2F8224A0CD307DCE822CCE /* TextView */,
				AC95BD38DD145E2D88997CA193F2085A /* TestTextFieldDelegate.swift */,
				FF4C3B1DD1EC40D8806F4F1381FF0388 /* TestTextViewDelegate.swift */,
				B828DF6423459F4B5FA2BFB94A3E9DED /* UITextField+FleetSpec.swift */,
			);
			path = TextInput;
			sourceTree = "<group>";
		};
		E186B5B1B1D85E7C241D074AF353D7C3 /* TextInput */ = {
			isa = PBXGroup;
			children = (
				40B94A0B3B40E372CEFDBB11D9F73081 /* UITextField+Fleet.swift */,
				97A9A272F8BA71B8B0763A2FD60E200C /* UITextView+Fleet.swift */,
			);
			path = TextInput;
			sourceTree = "<group>";
		};
		F244492C08B294030BC8DAB53EA02D36 /* Mocking */ = {
			isa = PBXGroup;
			children = (
				8F5A29B57CBA59AF29C08080B80512A3 /* MockFor.swift */,
			);
			path = Mocking;
			sourceTree = "<group>";
		};
		F8F6F4246C2F8224A0CD307DCE822CCE /* TextView */ = {
			isa = PBXGroup;
			children = (
				7E3C9AE33E0FA2A89AE5DF0AD6274484 /* UITextView+FleetSpec.swift */,
			);
			path = TextView;
			sourceTree = "<group>";
		};
		FF806319CA90B4DA570BC3B3D5FDDE29 /* Alerts */ = {
			isa = PBXGroup;
			children = (
				AF29DAA4C1DB06E828851BD27F1CFE7E /* UIAlertAction+FleetSpec.swift */,
				D034E940CE49DD380BF2AE9A0BC02376 /* UIAlertController+FleetSpec.swift */,
			);
			path = Alerts;
			sourceTree = "<group>";
		};
/* End PBXGroup section */

/* Begin PBXHeadersBuildPhase section */
		4A2301C32977520C1ACEFE1A7B1A1648 /* Headers */ = {
			isa = PBXHeadersBuildPhase;
			buildActionMask = 2147483647;
			files = (
				438B0ABEAFCB5003FBAF1575F07441A9 /* Fleet.h in Headers */,
				701F6CE142A8D0F4FAC9E22933126C1F /* FleetObjC.h in Headers */,
			);
			runOnlyForDeploymentPostprocessing = 0;
		};
/* End PBXHeadersBuildPhase section */

/* Begin PBXNativeTarget section */
		0BCE7BFDCBD4189925ECB6214EC7F099 /* Fleet */ = {
			isa = PBXNativeTarget;
			buildConfigurationList = 02728ABDFEB1C6DA0B5088138488EAC4 /* Build configuration list for PBXNativeTarget "Fleet" */;
			buildPhases = (
				3C1C50CED59E64BD6C8397C9575E824D /* Sources */,
				897D2FB25DC4E6366F7C9BADAC854538 /* Frameworks */,
				4A2301C32977520C1ACEFE1A7B1A1648 /* Headers */,
				BFDD602EA2D02B485C3BC6F288364CAA /* Resources */,
			);
			buildRules = (
			);
			dependencies = (
			);
			name = Fleet;
			productName = Fleet;
			productReference = 1A76BF6C8B67EDC8AC0AA12FCEE3C938 /* Fleet.framework */;
			productType = "com.apple.product-type.framework";
		};
		563F17026D2B312174D65619793CFE52 /* FleetTests */ = {
			isa = PBXNativeTarget;
			buildConfigurationList = 11B77D3628C47CB724CF980A375E8320 /* Build configuration list for PBXNativeTarget "FleetTests" */;
			buildPhases = (
				84C2C0145C8B20DEDA8C18079202645E /* Sources */,
				BF52C2B68C99394F8B0068B9657A30C9 /* Frameworks */,
				F1D42D36B76915E8760C681051693585 /* Resources */,
				41A7C9EE806F4C5932B8A49F00C41434 /* Storyboard script */,
				A9715FFF31AD80C85205CA5601D4606D /* Copy Carthage frameworks */,
			);
			buildRules = (
			);
			dependencies = (
				766994DCC84C015C7CA70D514076E69F /* PBXTargetDependency */,
				33236E9CC2087451F8AFECD7672503C2 /* PBXTargetDependency */,
			);
			name = FleetTests;
			productName = FleetTests;
			productReference = 25AB6BB77CA46BC1F3E98C1A5217B97C /* FleetTests.xctest */;
			productType = "com.apple.product-type.bundle.unit-test";
		};
		60481A0CD882A795CEEDE5272B42E635 /* FleetTestApp */ = {
			isa = PBXNativeTarget;
			buildConfigurationList = D72C2D42229E4BC74D08DB2FD87F3139 /* Build configuration list for PBXNativeTarget "FleetTestApp" */;
			buildPhases = (
				1224B2C89C0DDDA3406BA5BD3EEF0935 /* Sources */,
				C72EE11FAA9D157C8D8FC8B43909A41D /* Frameworks */,
				42ECAA55C96C057CD2F12087BA3350C2 /* Resources */,
			);
			buildRules = (
			);
			dependencies = (
			);
			name = FleetTestApp;
			productName = FleetTestApp;
			productReference = 8D82EB548BA127DD564774EDF22D2CEF /* FleetTestApp.app */;
			productType = "com.apple.product-type.application";
		};
/* End PBXNativeTarget section */

/* Begin PBXProject section */
		0F4F9BFF989BCFD5667285B53E89D9DA /* Project object */ = {
			isa = PBXProject;
			attributes = {
				LastSwiftUpdateCheck = 0830;
				LastUpgradeCheck = 1020;
				ORGANIZATIONNAME = jwfriese;
				TargetAttributes = {
					0BCE7BFDCBD4189925ECB6214EC7F099 = {
						CreatedOnToolsVersion = 7.3;
						LastSwiftMigration = 1020;
					};
					563F17026D2B312174D65619793CFE52 = {
						CreatedOnToolsVersion = 7.3;
						LastSwiftMigration = 1020;
						TestTargetID = 60481A0CD882A795CEEDE5272B42E635;
					};
					60481A0CD882A795CEEDE5272B42E635 = {
						CreatedOnToolsVersion = 7.3.1;
						DevelopmentTeam = 6688B5H4XF;
						LastSwiftMigration = 1020;
					};
				};
			};
			buildConfigurationList = ED5697A7DA1A0B4A2C1069180100B1DF /* Build configuration list for PBXProject "Fleet" */;
			compatibilityVersion = "Xcode 3.2";
			developmentRegion = en;
			hasScannedForEncodings = 0;
			knownRegions = (
				en,
				Base,
			);
			mainGroup = 4122B441B3CB71C253C4E38A01A9BEE8;
			productRefGroup = 99DE9216004AAECAE8DCC19EA8208827 /* Products */;
			projectDirPath = "";
			projectRoot = "";
			targets = (
				0BCE7BFDCBD4189925ECB6214EC7F099 /* Fleet */,
				563F17026D2B312174D65619793CFE52 /* FleetTests */,
				60481A0CD882A795CEEDE5272B42E635 /* FleetTestApp */,
			);
		};
/* End PBXProject section */

/* Begin PBXResourcesBuildPhase section */
		42ECAA55C96C057CD2F12087BA3350C2 /* Resources */ = {
			isa = PBXResourcesBuildPhase;
			buildActionMask = 2147483647;
			files = (
				3AAB789A6BF88F43FEB2979C0D810312 /* Assets.xcassets in Resources */,
				598F89A2F8B1A39275C6D7D0E3394E5F /* Birds.storyboard in Resources */,
				047A196C47C9C2783DEC77282B1D4F00 /* CrabStoryboard.storyboard in Resources */,
				BB8B0ADF8341E3AEFB426483479D30CD /* KittensStoryboard.storyboard in Resources */,
				2168CB1954A4FD0ADC1A4B93DC3F8FA6 /* LaunchScreen.storyboard in Resources */,
				28D58AC75113169659670DF6EF3936B6 /* PuppyStoryboard.storyboard in Resources */,
				C0EB38332996A1305F81C166A4311E5D /* TurtlesAndFriendsStoryboard.storyboard in Resources */,
			);
			runOnlyForDeploymentPostprocessing = 0;
		};
		BFDD602EA2D02B485C3BC6F288364CAA /* Resources */ = {
			isa = PBXResourcesBuildPhase;
			buildActionMask = 2147483647;
			files = (
				8B555ABAB92FE3AD65900E4BFC2A7C1D /* copy_storyboard_info_files.sh in Resources */,
			);
			runOnlyForDeploymentPostprocessing = 0;
		};
		F1D42D36B76915E8760C681051693585 /* Resources */ = {
			isa = PBXResourcesBuildPhase;
			buildActionMask = 2147483647;
			files = (
			);
			runOnlyForDeploymentPostprocessing = 0;
		};
/* End PBXResourcesBuildPhase section */

/* Begin PBXShellScriptBuildPhase section */
		41A7C9EE806F4C5932B8A49F00C41434 /* Storyboard script */ = {
			isa = PBXShellScriptBuildPhase;
			buildActionMask = 2147483647;
			files = (
			);
			inputPaths = (
			);
			name = "Storyboard script";
			outputPaths = (
			);
			runOnlyForDeploymentPostprocessing = 0;
			shellPath = /bin/sh;
			shellScript = "$PROJECT_DIR/Fleet/Script/copy_storyboard_info_files.sh \"FleetTestApp\"";
		};
		A9715FFF31AD80C85205CA5601D4606D /* Copy Carthage frameworks */ = {
			isa = PBXShellScriptBuildPhase;
			buildActionMask = 2147483647;
			files = (
			);
			inputPaths = (
				"$(SRCROOT)/Carthage/Build/iOS/Nimble.framework",
			);
			name = "Copy Carthage frameworks";
			outputPaths = (
			);
			runOnlyForDeploymentPostprocessing = 0;
			shellPath = /bin/sh;
			shellScript = "/usr/local/bin/carthage copy-frameworks";
		};
/* End PBXShellScriptBuildPhase section */

/* Begin PBXSourcesBuildPhase section */
		1224B2C89C0DDDA3406BA5BD3EEF0935 /* Sources */ = {
			isa = PBXSourcesBuildPhase;
			buildActionMask = 2147483647;
			files = (
				2B8111449B778CC57F88F76BC76E949F /* AnimalListViewController.swift in Sources */,
				E0421BC481EB0A0C9D12A2D7BE3C743D /* AppDelegate.swift in Sources */,
				36F9BA0A562FE1052DA8A400EA3A6C0E /* BirdsViewController.swift in Sources */,
				6DB3766132F4B47D50B35AA8A9324FDF /* BoxTurtleViewController.swift in Sources */,
				DB4E9D7CA031C0312DA2A0D9B7DE5C46 /* CorgiViewController.swift in Sources */,
				00AB168250A9B0B9938064449A1C8268 /* CrabViewController.swift in Sources */,
				95FB7BB8B670BEE40704A7D486586D05 /* FruitViewController.swift in Sources */,
				A8217AB49A7F61DDE9E047AADD47E2C2 /* HomeTabBarController.swift in Sources */,
				AA9854FE0F64E745990710F3B22B00E0 /* KittensNavigationController.swift in Sources */,
				B87563B5EB166B4DE22B90278D11CC3B /* PuppyListViewController.swift in Sources */,
				DB1A3355E7A8233359CC0F020E970F20 /* SpottedTurtleViewController.swift in Sources */,
				7B7D8D4E244AE8520079ECCC /* TestImage.swift in Sources */,
			);
			runOnlyForDeploymentPostprocessing = 0;
		};
		3C1C50CED59E64BD6C8397C9575E824D /* Sources */ = {
			isa = PBXSourcesBuildPhase;
			buildActionMask = 2147483647;
			files = (
				1DE622F6B26351722DD1B8A9CFD1470F /* CatchError.swift in Sources */,
				96EBE471A77BE73B3273CB51DC369FA5 /* FLTScreen.swift in Sources */,
				EB54C617CB4DCDD0648FC4C0A0B70FB3 /* Fleet.swift in Sources */,
				99406B94D8ED1088E69240F8F1A241B7 /* FleetError.swift in Sources */,
				BD408982654CDB93C34231EACA2ACE9F /* FleetInternalError.swift in Sources */,
				A109BBE8CE8A7EA9D42137CBC9A9E212 /* FleetObjC.m in Sources */,
				B7E4321E4D362E17E468F44C5C52214F /* FleetSwizzle.m in Sources */,
				587CEB2DB31E5AFF9261B138824FD337 /* Logger.swift in Sources */,
				1BC38AC45544A69451AEA62A6F324DFC /* MockFor.swift in Sources */,
				DE00766CB0710FDE388CFD14B12C7508 /* Screen.swift in Sources */,
				8D42297C33068547AA5901C939FD6293 /* StoryboardBindingError.swift in Sources */,
				CDEDC70B4BD6C24988A47196173AFE60 /* StoryboardDeserializer.swift in Sources */,
				377FCBBFF8389FB12C500C785487C001 /* StoryboardInstanceBinding.swift in Sources */,
				97B3F1DB1F9D9326B7E776527F802C4B /* StoryboardReferenceMap.swift in Sources */,
				A63F9AB0D25366BF5DB9D4EAF1700D38 /* Swizzle.swift in Sources */,
				1B4E0ACC2A3952AE204D0C6AD20752FE /* TableViewError.swift in Sources */,
				6676ACBB17248CDD138FE56F550A0747 /* UIAlertAction+Fleet.m in Sources */,
				98E495F457EAC2B9D2D80860BA44FFEA /* UIAlertAction+Fleet.swift in Sources */,
				2DF704DF7261FC624B67E99FA6D19401 /* UIAlertController+Fleet.swift in Sources */,
				149F6C4720E470AA55A5AF4248FA0F3B /* UIBarButtonItem+Fleet.swift in Sources */,
				02F8CEE5D87BF6E2E712AC8ABD3716CA /* UIButton+Fleet.swift in Sources */,
				DEDEF460381664F03D060D197BE3785F /* UINavigationBar+Fleet.swift in Sources */,
				EBD4056DF0B527D975B760CAA8E9E747 /* UINavigationController+Fleet.m in Sources */,
				7AF9AD72829F30C6F5FB6E3037F9566F /* UINavigationController+Fleet.swift in Sources */,
				E921951ADA5FFF26E478A7FDF729F1BD /* UIStoryboard+Fleet.m in Sources */,
				8950D3511486E0F0745FBB9E949AF0E6 /* UIStoryboard+Fleet.swift in Sources */,
				7E8C5E807B5CFE999766CE55B3BC3B7D /* UISwitch+Fleet.swift in Sources */,
				7F45706275B96635194B154145D405C3 /* UITabBarController+Fleet.swift in Sources */,
				4CBB8C3095B69D8D6B822928460EB1F1 /* UITableView+FetchCell.swift in Sources */,
				900DCAD77EBF8327D6739E24E9C26620 /* UITableView+SelectCellAction.swift in Sources */,
				69FBDEF2913A077C7680C6792F1ACD1F /* UITableView+SelectRow.swift in Sources */,
				7C55BADA88FBACF89D8E1C61AEB8485E /* UITableViewRowAction+Fleet.m in Sources */,
				449819D83E6AAC871986BACA519BEEF2 /* UITableViewRowAction+Fleet.swift in Sources */,
				ECA2D6241902494D1842423A74A7B125 /* UITextField+Fleet.swift in Sources */,
				3D4E6D00B3A064C437E8EABF3E1209BD /* UITextView+Fleet.swift in Sources */,
				6213A0B70EC24F7F532BB148D82A2ACD /* UIToolbar+Fleet.swift in Sources */,
				E3B04C5FB5B2CB6B9D723D50B82253E8 /* UIViewController+Fleet.m in Sources */,
				2F718AA9439349C15275A5A3CB1C0295 /* UIViewController+Fleet.swift in Sources */,
			);
			runOnlyForDeploymentPostprocessing = 0;
		};
		84C2C0145C8B20DEDA8C18079202645E /* Sources */ = {
			isa = PBXSourcesBuildPhase;
			buildActionMask = 2147483647;
			files = (
				032643E7DEAE671DD533E5691F5192B7 /* CatchErrorSpec.swift in Sources */,
				68929636E70E4B683EE2F0B370092678 /* EmbedView.swift in Sources */,
				C0FC9848A3708715CCB3282F287192F4 /* File.swift in Sources */,
				740252C2BA5C5BF811C01DF809672916 /* FleetSpec.swift in Sources */,
				05C4FBF19BFBE84FDD6700F15801A00A /* IsClassKindOfSpec.swift in Sources */,
				81A8F5AF6812AB8D0FC36511DD714DC0 /* MockForSpec.swift in Sources */,
				81E4880CD9830B2B6EB776673BD605E0 /* NotificationListener.swift in Sources */,
				9D4C1357A7EA04D9605451DC5EFC95F8 /* ScreenSpec.swift in Sources */,
				5094C99A696F89038FA3467B35012128 /* SegueDetailSpec.swift in Sources */,
				4AC03988B9E9DAAC5F7FAF5409355CFB /* StoryboardDeserializerSpec.swift in Sources */,
				D43C639C9F96798E538BBA118ED25A6A /* Test.swift in Sources */,
				60B63E57064C881EDE96BE0A75890C67 /* TestTextFieldDelegate.swift in Sources */,
				E280C42A9E36D82222DCB0DF40D3E493 /* TestTextViewDelegate.swift in Sources */,
				115A639D059D716B588D2DF4D40BB326 /* UIAlertAction+FleetSpec.swift in Sources */,
				F8FFD7B74308010EF1244BCF419556F6 /* UIAlertController+FleetSpec.swift in Sources */,
				87D2BCA61A4A0C24DCA923D90C34B623 /* UIBarButtonItem+FleetSpec.swift in Sources */,
				5A83B5B51F14D507A3A1B10F00C18F03 /* UIButton+FleetSpec.swift in Sources */,
				670C5A67BA814268CB8D4D1507A4F8C0 /* UIControlEventEqualityMatcher.swift in Sources */,
				295AE28C8956331D02FD7DC614AFEB92 /* UIControlEventRecorder.swift in Sources */,
				B73C9015C36989C96377C1AA31BEF8BD /* UINavigationBar+FleetSpec.swift in Sources */,
				09D4CEA9D939A8637751720746A314EA /* UINavigationController+FleetSpec.swift in Sources */,
				3B4829A2C74F44FC0BCF431D71FB4F29 /* UIStoryboard+FleetSpec.swift in Sources */,
				26A994D1C5BD143C60C7A88A1CDA4597 /* UISwitch+FleetSpec.swift in Sources */,
				E7F1B76C4B32F958B5CFA8BC5ABE040E /* UITabBarController+FleetSpec.swift in Sources */,
				CA28AF8149C99C92B71AAB6958B27EC9 /* UITableView+FetchCellSpec.swift in Sources */,
				36E64BA5E61224CB76B349C213F64AA5 /* UITableView+SelectCellActionSpec.swift in Sources */,
				660A9CCC20CBBFA0A01CB7DFFD3CC033 /* UITableView+SelectRowMinimalDelegateImplSpec.swift in Sources */,
				D3765F72358E8ADDDD44E92D0426DBFA /* UITableView+SelectRowSpec.swift in Sources */,
				98A4D6CF63AD520ACA06B7E3459180D2 /* UITableViewRowAction+FleetSpec.swift in Sources */,
				CCCC78A8ECDD8E892F8866EA56F69559 /* UITextField+FleetSpec.swift in Sources */,
				0E578D0EFC280DEF321161914A33FAE2 /* UITextView+FleetSpec.swift in Sources */,
				E3529C9989A9121A72EAFE2AAD6B98E3 /* UIToolbar+FleetSpec.swift in Sources */,
				2D7A7D0BEF2D4F8F8708C0F96CCEAC8A /* UIViewController+FleetInternalSpec.swift in Sources */,
				0B87F785955DBCB369DF7ED9CC8B9916 /* UIViewController+FleetSpec.swift in Sources */,
			);
			runOnlyForDeploymentPostprocessing = 0;
		};
/* End PBXSourcesBuildPhase section */

/* Begin PBXTargetDependency section */
		33236E9CC2087451F8AFECD7672503C2 /* PBXTargetDependency */ = {
			isa = PBXTargetDependency;
			target = 0BCE7BFDCBD4189925ECB6214EC7F099 /* Fleet */;
			targetProxy = 3DD432AF19AB3F5E5EB62C994C91AAFE /* PBXContainerItemProxy */;
		};
		766994DCC84C015C7CA70D514076E69F /* PBXTargetDependency */ = {
			isa = PBXTargetDependency;
			target = 60481A0CD882A795CEEDE5272B42E635 /* FleetTestApp */;
			targetProxy = 765C3DE977912728B393FCB6AAE2A24C /* PBXContainerItemProxy */;
		};
/* End PBXTargetDependency section */

/* Begin PBXVariantGroup section */
		3B07D254E0737E385900CA6518C332D2 /* LaunchScreen.storyboard */ = {
			isa = PBXVariantGroup;
			children = (
				CEC5E24204C0FCACCE9815FB4D299091 /* Base */,
			);
			name = LaunchScreen.storyboard;
			sourceTree = "<group>";
		};
/* End PBXVariantGroup section */

/* Begin XCBuildConfiguration section */
		2473A3931607A611209F3A2F39BE7020 /* Release */ = {
			isa = XCBuildConfiguration;
			buildSettings = {
				ASSETCATALOG_COMPILER_APPICON_NAME = AppIcon;
				DEVELOPMENT_TEAM = 6688B5H4XF;
				ENABLE_TESTABILITY = YES;
				FRAMEWORK_SEARCH_PATHS = "$(inherited)";
				GCC_OPTIMIZATION_LEVEL = 0;
				INFOPLIST_FILE = $SRCROOT/FleetTestApp/Info.plist;
				IPHONEOS_DEPLOYMENT_TARGET = 8.0;
				LD_RUNPATH_SEARCH_PATHS = "$(inherited) @executable_path/Frameworks";
				PRODUCT_BUNDLE_IDENTIFIER = jwfriese.FleetTestApp;
				PRODUCT_NAME = "$(TARGET_NAME)";
				SWIFT_VERSION = 5.0;
			};
			name = Release;
		};
		6A62A3827C7A5095D2B7A25A06FDD6B9 /* Debug */ = {
			isa = XCBuildConfiguration;
			buildSettings = {
				ALWAYS_SEARCH_USER_PATHS = NO;
				CLANG_ALLOW_NON_MODULAR_INCLUDES_IN_FRAMEWORK_MODULES = NO;
				CLANG_ANALYZER_LOCALIZABILITY_NONLOCALIZED = YES;
				CLANG_ANALYZER_NONNULL = YES;
				CLANG_CXX_LANGUAGE_STANDARD = "gnu++0x";
				CLANG_CXX_LIBRARY = "libc++";
				CLANG_ENABLE_MODULES = YES;
				CLANG_ENABLE_OBJC_ARC = YES;
				CLANG_WARN_BLOCK_CAPTURE_AUTORELEASING = YES;
				CLANG_WARN_BOOL_CONVERSION = YES;
				CLANG_WARN_COMMA = YES;
				CLANG_WARN_CONSTANT_CONVERSION = YES;
				CLANG_WARN_DEPRECATED_OBJC_IMPLEMENTATIONS = YES;
				CLANG_WARN_DIRECT_OBJC_ISA_USAGE = YES_ERROR;
				CLANG_WARN_EMPTY_BODY = YES;
				CLANG_WARN_ENUM_CONVERSION = YES;
				CLANG_WARN_INFINITE_RECURSION = YES;
				CLANG_WARN_INT_CONVERSION = YES;
				CLANG_WARN_NON_LITERAL_NULL_CONVERSION = YES;
				CLANG_WARN_OBJC_IMPLICIT_RETAIN_SELF = YES;
				CLANG_WARN_OBJC_LITERAL_CONVERSION = YES;
				CLANG_WARN_OBJC_ROOT_CLASS = YES_ERROR;
				CLANG_WARN_RANGE_LOOP_ANALYSIS = YES;
				CLANG_WARN_STRICT_PROTOTYPES = YES;
				CLANG_WARN_SUSPICIOUS_MOVE = YES;
				CLANG_WARN_UNREACHABLE_CODE = YES;
				CLANG_WARN__DUPLICATE_METHOD_MATCH = YES;
				"CODE_SIGN_IDENTITY[sdk=iphoneos*]" = "iPhone Developer";
				COPY_PHASE_STRIP = NO;
				CURRENT_PROJECT_VERSION = 4.5.0;
				DEBUG_INFORMATION_FORMAT = dwarf;
				DYLIB_CURRENT_VERSION = 4.5.0;
				ENABLE_BITCODE = NO;
				ENABLE_STRICT_OBJC_MSGSEND = YES;
				ENABLE_TESTABILITY = YES;
				FRAMEWORK_VERSION = "$(CURRENT_PROJECT_VERSION)";
				GCC_C_LANGUAGE_STANDARD = gnu99;
				GCC_DYNAMIC_NO_PIC = NO;
				GCC_NO_COMMON_BLOCKS = YES;
				GCC_OPTIMIZATION_LEVEL = 0;
				GCC_PREPROCESSOR_DEFINITIONS = (
					"DEBUG=1",
					"$(inherited)",
				);
				GCC_WARN_64_TO_32_BIT_CONVERSION = YES;
				GCC_WARN_ABOUT_RETURN_TYPE = YES_ERROR;
				GCC_WARN_UNDECLARED_SELECTOR = YES;
				GCC_WARN_UNINITIALIZED_AUTOS = YES_AGGRESSIVE;
				GCC_WARN_UNUSED_FUNCTION = YES;
				GCC_WARN_UNUSED_VARIABLE = YES;
				IPHONEOS_DEPLOYMENT_TARGET = 8.0;
				MTL_ENABLE_DEBUG_INFO = YES;
				ONLY_ACTIVE_ARCH = YES;
				SDKROOT = iphoneos;
				SWIFT_OBJC_BRIDGING_HEADER = "";
				SWIFT_OPTIMIZATION_LEVEL = "-Onone";
				SWIFT_SWIFT3_OBJC_INFERENCE = Off;
				SWIFT_VERSION = 5.0;
				TARGETED_DEVICE_FAMILY = "1,2";
				VERSIONING_SYSTEM = "apple-generic";
				VERSION_INFO_PREFIX = "";
			};
			name = Debug;
		};
		7FD523490BF708118F141CCBB9BFB34D /* Debug */ = {
			isa = XCBuildConfiguration;
			buildSettings = {
				ASSETCATALOG_COMPILER_APPICON_NAME = AppIcon;
				DEVELOPMENT_TEAM = 6688B5H4XF;
				FRAMEWORK_SEARCH_PATHS = "$(inherited)";
				INFOPLIST_FILE = $SRCROOT/FleetTestApp/Info.plist;
				IPHONEOS_DEPLOYMENT_TARGET = 8.0;
				LD_RUNPATH_SEARCH_PATHS = "$(inherited) @executable_path/Frameworks";
				PRODUCT_BUNDLE_IDENTIFIER = jwfriese.FleetTestApp;
				PRODUCT_NAME = "$(TARGET_NAME)";
				SWIFT_VERSION = 5.0;
			};
			name = Debug;
		};
		865C57652A6623DAD3A6E06C14F7DEA5 /* Release */ = {
			isa = XCBuildConfiguration;
			buildSettings = {
				CLANG_ENABLE_MODULES = YES;
				"CODE_SIGN_IDENTITY[sdk=iphoneos*]" = "";
				CURRENT_PROJECT_VERSION = 4.5.0;
				DEFINES_MODULE = YES;
				DYLIB_COMPATIBILITY_VERSION = 1;
				DYLIB_CURRENT_VERSION = 4.5.0;
				DYLIB_INSTALL_NAME_BASE = "@rpath";
				ENABLE_BITCODE = NO;
				FRAMEWORK_SEARCH_PATHS = "";
				FRAMEWORK_VERSION = "$(inherited)";
				INFOPLIST_FILE = Fleet/Info.plist;
				INSTALL_PATH = "$(LOCAL_LIBRARY_DIR)/Frameworks";
				IPHONEOS_DEPLOYMENT_TARGET = 8.0;
				LD_RUNPATH_SEARCH_PATHS = "$(inherited) @executable_path/Frameworks @loader_path/Frameworks";
				OTHER_LDFLAGS = "";
				PRODUCT_BUNDLE_IDENTIFIER = jwfriese.Fleet;
				PRODUCT_NAME = "$(TARGET_NAME)";
				SKIP_INSTALL = YES;
				SWIFT_VERSION = 5.0;
			};
			name = Release;
		};
		970040ED2F8C197FA35C6FE3EECC19E9 /* Debug */ = {
			isa = XCBuildConfiguration;
			buildSettings = {
				CLANG_ENABLE_MODULES = YES;
				"CODE_SIGN_IDENTITY[sdk=iphoneos*]" = "";
				CURRENT_PROJECT_VERSION = 4.5.0;
				DEFINES_MODULE = YES;
				DYLIB_COMPATIBILITY_VERSION = 1;
				DYLIB_CURRENT_VERSION = 4.5.0;
				DYLIB_INSTALL_NAME_BASE = "@rpath";
				ENABLE_BITCODE = NO;
				FRAMEWORK_SEARCH_PATHS = "";
				FRAMEWORK_VERSION = "$(inherited)";
				INFOPLIST_FILE = Fleet/Info.plist;
				INSTALL_PATH = "$(LOCAL_LIBRARY_DIR)/Frameworks";
				IPHONEOS_DEPLOYMENT_TARGET = 8.0;
				LD_RUNPATH_SEARCH_PATHS = "$(inherited) @executable_path/Frameworks @loader_path/Frameworks";
				OTHER_LDFLAGS = "";
				PRODUCT_BUNDLE_IDENTIFIER = jwfriese.Fleet;
				PRODUCT_NAME = "$(TARGET_NAME)";
				SKIP_INSTALL = YES;
				SWIFT_OPTIMIZATION_LEVEL = "-Onone";
				SWIFT_VERSION = 5.0;
			};
			name = Debug;
		};
		AD276DBEA2904BAE3D3F5868E4324E12 /* Release */ = {
			isa = XCBuildConfiguration;
			buildSettings = {
				BUNDLE_LOADER = "$(TEST_HOST)";
				CLANG_ENABLE_MODULES = YES;
				FRAMEWORK_SEARCH_PATHS = (
					"$(inherited)",
					"$(PROJECT_DIR)/Carthage/Build/iOS",
				);
				INFOPLIST_FILE = FleetTests/Info.plist;
				IPHONEOS_DEPLOYMENT_TARGET = 8.0;
				LD_RUNPATH_SEARCH_PATHS = "$(inherited) @executable_path/Frameworks @loader_path/Frameworks";
				PRODUCT_BUNDLE_IDENTIFIER = jwfriese.FleetTests;
				PRODUCT_NAME = "$(TARGET_NAME)";
				SWIFT_VERSION = 5.0;
				TEST_HOST = "$(BUILT_PRODUCTS_DIR)/FleetTestApp.app/FleetTestApp";
			};
			name = Release;
		};
		D3A2C6076CE29D66D8387DF7F48E4DCA /* Debug */ = {
			isa = XCBuildConfiguration;
			buildSettings = {
				BUNDLE_LOADER = "$(TEST_HOST)";
				CLANG_ENABLE_MODULES = YES;
				FRAMEWORK_SEARCH_PATHS = (
					"$(inherited)",
					"$(PROJECT_DIR)/Carthage/Build/iOS",
				);
				INFOPLIST_FILE = FleetTests/Info.plist;
				IPHONEOS_DEPLOYMENT_TARGET = 8.0;
				LD_RUNPATH_SEARCH_PATHS = "$(inherited) @executable_path/Frameworks @loader_path/Frameworks";
				PRODUCT_BUNDLE_IDENTIFIER = jwfriese.FleetTests;
				PRODUCT_NAME = "$(TARGET_NAME)";
				SWIFT_OPTIMIZATION_LEVEL = "-Onone";
				SWIFT_VERSION = 5.0;
				TEST_HOST = "$(BUILT_PRODUCTS_DIR)/FleetTestApp.app/FleetTestApp";
			};
			name = Debug;
		};
		FAE4362CA09A5F2F5A174345B8FEA0D8 /* Release */ = {
			isa = XCBuildConfiguration;
			buildSettings = {
				ALWAYS_SEARCH_USER_PATHS = NO;
				CLANG_ALLOW_NON_MODULAR_INCLUDES_IN_FRAMEWORK_MODULES = NO;
				CLANG_ANALYZER_LOCALIZABILITY_NONLOCALIZED = YES;
				CLANG_ANALYZER_NONNULL = YES;
				CLANG_CXX_LANGUAGE_STANDARD = "gnu++0x";
				CLANG_CXX_LIBRARY = "libc++";
				CLANG_ENABLE_MODULES = YES;
				CLANG_ENABLE_OBJC_ARC = YES;
				CLANG_WARN_BLOCK_CAPTURE_AUTORELEASING = YES;
				CLANG_WARN_BOOL_CONVERSION = YES;
				CLANG_WARN_COMMA = YES;
				CLANG_WARN_CONSTANT_CONVERSION = YES;
				CLANG_WARN_DEPRECATED_OBJC_IMPLEMENTATIONS = YES;
				CLANG_WARN_DIRECT_OBJC_ISA_USAGE = YES_ERROR;
				CLANG_WARN_EMPTY_BODY = YES;
				CLANG_WARN_ENUM_CONVERSION = YES;
				CLANG_WARN_INFINITE_RECURSION = YES;
				CLANG_WARN_INT_CONVERSION = YES;
				CLANG_WARN_NON_LITERAL_NULL_CONVERSION = YES;
				CLANG_WARN_OBJC_IMPLICIT_RETAIN_SELF = YES;
				CLANG_WARN_OBJC_LITERAL_CONVERSION = YES;
				CLANG_WARN_OBJC_ROOT_CLASS = YES_ERROR;
				CLANG_WARN_RANGE_LOOP_ANALYSIS = YES;
				CLANG_WARN_STRICT_PROTOTYPES = YES;
				CLANG_WARN_SUSPICIOUS_MOVE = YES;
				CLANG_WARN_UNREACHABLE_CODE = YES;
				CLANG_WARN__DUPLICATE_METHOD_MATCH = YES;
				"CODE_SIGN_IDENTITY[sdk=iphoneos*]" = "iPhone Developer";
				COPY_PHASE_STRIP = NO;
				CURRENT_PROJECT_VERSION = 4.5.0;
				DEBUG_INFORMATION_FORMAT = "dwarf-with-dsym";
				DYLIB_CURRENT_VERSION = 4.5.0;
				ENABLE_BITCODE = NO;
				ENABLE_NS_ASSERTIONS = NO;
				ENABLE_STRICT_OBJC_MSGSEND = YES;
				FRAMEWORK_VERSION = "$(CURRENT_PROJECT_VERSION)";
				GCC_C_LANGUAGE_STANDARD = gnu99;
				GCC_NO_COMMON_BLOCKS = YES;
				GCC_WARN_64_TO_32_BIT_CONVERSION = YES;
				GCC_WARN_ABOUT_RETURN_TYPE = YES_ERROR;
				GCC_WARN_UNDECLARED_SELECTOR = YES;
				GCC_WARN_UNINITIALIZED_AUTOS = YES_AGGRESSIVE;
				GCC_WARN_UNUSED_FUNCTION = YES;
				GCC_WARN_UNUSED_VARIABLE = YES;
				IPHONEOS_DEPLOYMENT_TARGET = 8.0;
				MTL_ENABLE_DEBUG_INFO = NO;
				SDKROOT = iphoneos;
				SWIFT_OBJC_BRIDGING_HEADER = "";
				SWIFT_OPTIMIZATION_LEVEL = "-Owholemodule";
				SWIFT_SWIFT3_OBJC_INFERENCE = Off;
				SWIFT_VERSION = 5.0;
				TARGETED_DEVICE_FAMILY = "1,2";
				VALIDATE_PRODUCT = YES;
				VERSIONING_SYSTEM = "apple-generic";
				VERSION_INFO_PREFIX = "";
			};
			name = Release;
		};
/* End XCBuildConfiguration section */

/* Begin XCConfigurationList section */
		02728ABDFEB1C6DA0B5088138488EAC4 /* Build configuration list for PBXNativeTarget "Fleet" */ = {
			isa = XCConfigurationList;
			buildConfigurations = (
				970040ED2F8C197FA35C6FE3EECC19E9 /* Debug */,
				865C57652A6623DAD3A6E06C14F7DEA5 /* Release */,
			);
			defaultConfigurationIsVisible = 0;
			defaultConfigurationName = Release;
		};
		11B77D3628C47CB724CF980A375E8320 /* Build configuration list for PBXNativeTarget "FleetTests" */ = {
			isa = XCConfigurationList;
			buildConfigurations = (
				D3A2C6076CE29D66D8387DF7F48E4DCA /* Debug */,
				AD276DBEA2904BAE3D3F5868E4324E12 /* Release */,
			);
			defaultConfigurationIsVisible = 0;
			defaultConfigurationName = Release;
		};
		D72C2D42229E4BC74D08DB2FD87F3139 /* Build configuration list for PBXNativeTarget "FleetTestApp" */ = {
			isa = XCConfigurationList;
			buildConfigurations = (
				7FD523490BF708118F141CCBB9BFB34D /* Debug */,
				2473A3931607A611209F3A2F39BE7020 /* Release */,
			);
			defaultConfigurationIsVisible = 0;
			defaultConfigurationName = Release;
		};
		ED5697A7DA1A0B4A2C1069180100B1DF /* Build configuration list for PBXProject "Fleet" */ = {
			isa = XCConfigurationList;
			buildConfigurations = (
				6A62A3827C7A5095D2B7A25A06FDD6B9 /* Debug */,
				FAE4362CA09A5F2F5A174345B8FEA0D8 /* Release */,
			);
			defaultConfigurationIsVisible = 0;
			defaultConfigurationName = Release;
		};
/* End XCConfigurationList section */
	};
	rootObject = 0F4F9BFF989BCFD5667285B53E89D9DA /* Project object */;
}
